// !$*UTF8*$!
{
	archiveVersion = 1;
	classes = {
	};
	objectVersion = 77;
	objects = {

/* Begin PBXBuildFile section */
		00A9E2E33FA363B00E1592BE /* Assets.xcassets in Resources */ = {isa = PBXBuildFile; fileRef = 3D5A495A42370F1A80198EA3 /* Assets.xcassets */; };
		283D2B2FF747E8F0C39C8E9E /* PlumWallPaperApp.swift in Sources */ = {isa = PBXBuildFile; fileRef = CC0D0A105F06031860E8B5C3 /* PlumWallPaperApp.swift */; };
		5FC9D607DF0A0DF58EA4798F /* ShaderPreset.swift in Sources */ = {isa = PBXBuildFile; fileRef = 163C20723526A250CB94C6B9 /* ShaderPreset.swift */; };
		71C8AA4D4B1AFEE11F38BE9A /* AppDelegate.swift in Sources */ = {isa = PBXBuildFile; fileRef = 661E4F1C07FBFDC99AB1010B /* AppDelegate.swift */; };
		B6B9A75D9D49916C8B03972D /* Settings.swift in Sources */ = {isa = PBXBuildFile; fileRef = DC71A3853630F86F1CF1A2FA /* Settings.swift */; };
		BA9D1BD24C8FF8FFA0B0EB05 /* Tag.swift in Sources */ = {isa = PBXBuildFile; fileRef = ACF1C1D9BC347E282F5C2F06 /* Tag.swift */; };
		C03F4C27CCC0F897E002BC6E /* Wallpaper.swift in Sources */ = {isa = PBXBuildFile; fileRef = C5ACA543E101FECACD5CA1D7 /* Wallpaper.swift */; };
		E8F24A044181FE439EE2C8B3 /* ContentView.swift in Sources */ = {isa = PBXBuildFile; fileRef = 5AE9A8B0D16C1B5C1C8AB5E7 /* ContentView.swift */; };
/* End PBXBuildFile section */

/* Begin PBXFileReference section */
		163C20723526A250CB94C6B9 /* ShaderPreset.swift */ = {isa = PBXFileReference; lastKnownFileType = sourcecode.swift; path = ShaderPreset.swift; sourceTree = "<group>"; };
		3D5A495A42370F1A80198EA3 /* Assets.xcassets */ = {isa = PBXFileReference; lastKnownFileType = folder.assetcatalog; path = Assets.xcassets; sourceTree = "<group>"; };
		5AE9A8B0D16C1B5C1C8AB5E7 /* ContentView.swift */ = {isa = PBXFileReference; lastKnownFileType = sourcecode.swift; path = ContentView.swift; sourceTree = "<group>"; };
		60AD48DB3AC1A8944B151694 /* PlumWallPaper.app */ = {isa = PBXFileReference; explicitFileType = wrapper.application; includeInIndex = 0; path = PlumWallPaper.app; sourceTree = BUILT_PRODUCTS_DIR; };
		661E4F1C07FBFDC99AB1010B /* AppDelegate.swift */ = {isa = PBXFileReference; lastKnownFileType = sourcecode.swift; path = AppDelegate.swift; sourceTree = "<group>"; };
		ACF1C1D9BC347E282F5C2F06 /* Tag.swift */ = {isa = PBXFileReference; lastKnownFileType = sourcecode.swift; path = Tag.swift; sourceTree = "<group>"; };
		C5ACA543E101FECACD5CA1D7 /* Wallpaper.swift */ = {isa = PBXFileReference; lastKnownFileType = sourcecode.swift; path = Wallpaper.swift; sourceTree = "<group>"; };
		CC0D0A105F06031860E8B5C3 /* PlumWallPaperApp.swift */ = {isa = PBXFileReference; lastKnownFileType = sourcecode.swift; path = PlumWallPaperApp.swift; sourceTree = "<group>"; };
		DC71A3853630F86F1CF1A2FA /* Settings.swift */ = {isa = PBXFileReference; lastKnownFileType = sourcecode.swift; path = Settings.swift; sourceTree = "<group>"; };
/* End PBXFileReference section */

/* Begin PBXGroup section */
		1B035FF823EEDBCCB8EE65AE /* Resources */ = {
			isa = PBXGroup;
			children = (
				3D5A495A42370F1A80198EA3 /* Assets.xcassets */,
			);
			path = Resources;
			sourceTree = "<group>";
		};
		207B8F83D9CEA4C681DBA9AB /* Products */ = {
			isa = PBXGroup;
			children = (
				60AD48DB3AC1A8944B151694 /* PlumWallPaper.app */,
			);
			name = Products;
			sourceTree = "<group>";
		};
		33948DCF99565DEC4FEF469D /* App */ = {
			isa = PBXGroup;
			children = (
				661E4F1C07FBFDC99AB1010B /* AppDelegate.swift */,
				CC0D0A105F06031860E8B5C3 /* PlumWallPaperApp.swift */,
			);
			path = App;
			sourceTree = "<group>";
		};
		81ADA585AEE9EFCBD7F76996 /* Views */ = {
			isa = PBXGroup;
			children = (
				5AE9A8B0D16C1B5C1C8AB5E7 /* ContentView.swift */,
			);
			path = Views;
			sourceTree = "<group>";
		};
		C74CDDB4BAB7CD69B07A890A /* Sources */ = {
			isa = PBXGroup;
			children = (
				33948DCF99565DEC4FEF469D /* App */,
				1B035FF823EEDBCCB8EE65AE /* Resources */,
				F5F01C22EC0668E59DE3D0FE /* Storage */,
				81ADA585AEE9EFCBD7F76996 /* Views */,
			);
			path = Sources;
			sourceTree = "<group>";
		};
		D3EDE0A335EB05D0A923A721 /* Models */ = {
			isa = PBXGroup;
			children = (
				DC71A3853630F86F1CF1A2FA /* Settings.swift */,
				163C20723526A250CB94C6B9 /* ShaderPreset.swift */,
				ACF1C1D9BC347E282F5C2F06 /* Tag.swift */,
				C5ACA543E101FECACD5CA1D7 /* Wallpaper.swift */,
			);
			path = Models;
			sourceTree = "<group>";
		};
		D7CF8A5E2B52A394B64F180A = {
			isa = PBXGroup;
			children = (
				C74CDDB4BAB7CD69B07A890A /* Sources */,
				207B8F83D9CEA4C681DBA9AB /* Products */,
			);
			sourceTree = "<group>";
		};
		F5F01C22EC0668E59DE3D0FE /* Storage */ = {
			isa = PBXGroup;
			children = (
				D3EDE0A335EB05D0A923A721 /* Models */,
			);
			path = Storage;
			sourceTree = "<group>";
		};
		"TEMP_DE493385-FAB2-4613-B053-207C4BBF9C5E" /* Core */ = {
			isa = PBXGroup;
			children = (
			);
			path = Core;
			sourceTree = "<group>";
		};
/* End PBXGroup section */

/* Begin PBXNativeTarget section */
		2AA0BD841D89D132B98D25E6 /* PlumWallPaper */ = {
			isa = PBXNativeTarget;
			buildConfigurationList = 8738315FC56C4DF298609E39 /* Build configuration list for PBXNativeTarget "PlumWallPaper" */;
			buildPhases = (
				C9EC7DDABBE62CC1A8E2D11E /* Sources */,
				AA5DAFB799C8AD217CDFFED5 /* Resources */,
			);
			buildRules = (
			);
			dependencies = (
			);
			name = PlumWallPaper;
			packageProductDependencies = (
			);
			productName = PlumWallPaper;
			productReference = 60AD48DB3AC1A8944B151694 /* PlumWallPaper.app */;
			productType = "com.apple.product-type.application";
		};
/* End PBXNativeTarget section */

/* Begin PBXProject section */
		2E3D8D7892AD44418BEEF70B /* Project object */ = {
			isa = PBXProject;
			attributes = {
				BuildIndependentTargetsInParallel = YES;
				LastUpgradeCheck = 1600;
				TargetAttributes = {
				};
			};
			buildConfigurationList = AD26888A4F53EBEDAA65A358 /* Build configuration list for PBXProject "PlumWallPaper" */;
			developmentRegion = en;
			hasScannedForEncodings = 0;
			knownRegions = (
				Base,
				en,
			);
			mainGroup = D7CF8A5E2B52A394B64F180A;
			minimizedProjectReferenceProxies = 1;
			preferredProjectObjectVersion = 77;
			productRefGroup = 207B8F83D9CEA4C681DBA9AB /* Products */;
			projectDirPath = "";
			projectRoot = "";
			targets = (
				2AA0BD841D89D132B98D25E6 /* PlumWallPaper */,
			);
		};
/* End PBXProject section */

/* Begin PBXResourcesBuildPhase section */
		AA5DAFB799C8AD217CDFFED5 /* Resources */ = {
			isa = PBXResourcesBuildPhase;
			buildActionMask = 2147483647;
			files = (
				00A9E2E33FA363B00E1592BE /* Assets.xcassets in Resources */,
			);
			runOnlyForDeploymentPostprocessing = 0;
		};
/* End PBXResourcesBuildPhase section */

/* Begin PBXSourcesBuildPhase section */
		C9EC7DDABBE62CC1A8E2D11E /* Sources */ = {
			isa = PBXSourcesBuildPhase;
			buildActionMask = 2147483647;
			files = (
				71C8AA4D4B1AFEE11F38BE9A /* AppDelegate.swift in Sources */,
				E8F24A044181FE439EE2C8B3 /* ContentView.swift in Sources */,
				283D2B2FF747E8F0C39C8E9E /* PlumWallPaperApp.swift in Sources */,
				B6B9A75D9D49916C8B03972D /* Settings.swift in Sources */,
				5FC9D607DF0A0DF58EA4798F /* ShaderPreset.swift in Sources */,
				BA9D1BD24C8FF8FFA0B0EB05 /* Tag.swift in Sources */,
				C03F4C27CCC0F897E002BC6E /* Wallpaper.swift in Sources */,
			);
			runOnlyForDeploymentPostprocessing = 0;
		};
/* End PBXSourcesBuildPhase section */

/* Begin XCBuildConfiguration section */
		70BDAD3FDCB6948BBC118863 /* Debug */ = {
			isa = XCBuildConfiguration;
			buildSettings = {
				ASSETCATALOG_COMPILER_APPICON_NAME = AppIcon;
				CODE_SIGNING_REQUIRED = NO;
				CODE_SIGN_IDENTITY = "-";
				COMBINE_HIDPI_IMAGES = YES;
				GENERATE_INFOPLIST_FILE = YES;
				INFOPLIST_KEY_LSUIElement = YES;
				LD_RUNPATH_SEARCH_PATHS = (
					"$(inherited)",
					"@executable_path/../Frameworks",
				);
				MACOSX_DEPLOYMENT_TARGET = 14.0;
				PRODUCT_BUNDLE_IDENTIFIER = com.plum.wallpaper;
				PRODUCT_NAME = PlumWallPaper;
				SDKROOT = macosx;
				SWIFT_VERSION = 5.9;
			};
			name = Debug;
		};
		939A279242BE62C07C4DBB01 /* Debug */ = {
			isa = XCBuildConfiguration;
			buildSettings = {
				ALWAYS_SEARCH_USER_PATHS = NO;
				CLANG_ANALYZER_NONNULL = YES;
				CLANG_ANALYZER_NUMBER_OBJECT_CONVERSION = YES_AGGRESSIVE;
				CLANG_CXX_LANGUAGE_STANDARD = "gnu++14";
				CLANG_CXX_LIBRARY = "libc++";
				CLANG_ENABLE_MODULES = YES;
				CLANG_ENABLE_OBJC_ARC = YES;
				CLANG_ENABLE_OBJC_WEAK = YES;
				CLANG_WARN_BLOCK_CAPTURE_AUTORELEASING = YES;
				CLANG_WARN_BOOL_CONVERSION = YES;
				CLANG_WARN_COMMA = YES;
				CLANG_WARN_CONSTANT_CONVERSION = YES;
				CLANG_WARN_DEPRECATED_OBJC_IMPLEMENTATIONS = YES;
				CLANG_WARN_DIRECT_OBJC_ISA_USAGE = YES_ERROR;
				CLANG_WARN_DOCUMENTATION_COMMENTS = YES;
				CLANG_WARN_EMPTY_BODY = YES;
				CLANG_WARN_ENUM_CONVERSION = YES;
				CLANG_WARN_INFINITE_RECURSION = YES;
				CLANG_WARN_INT_CONVERSION = YES;
				CLANG_WARN_NON_LITERAL_NULL_CONVERSION = YES;
				CLANG_WARN_OBJC_IMPLICIT_RETAIN_SELF = YES;
				CLANG_WARN_OBJC_LITERAL_CONVERSION = YES;
				CLANG_WARN_OBJC_ROOT_CLASS = YES_ERROR;
				CLANG_WARN_QUOTED_INCLUDE_IN_FRAMEWORK_HEADER = YES;
				CLANG_WARN_RANGE_LOOP_ANALYSIS = YES;
				CLANG_WARN_STRICT_PROTOTYPES = YES;
				CLANG_WARN_SUSPICIOUS_MOVE = YES;
				CLANG_WARN_UNGUARDED_AVAILABILITY = YES_AGGRESSIVE;
				CLANG_WARN_UNREACHABLE_CODE = YES;
				CLANG_WARN__DUPLICATE_METHOD_MATCH = YES;
				COPY_PHASE_STRIP = NO;
				DEBUG_INFORMATION_FORMAT = dwarf;
				ENABLE_STRICT_OBJC_MSGSEND = YES;
				ENABLE_TESTABILITY = YES;
				GCC_C_LANGUAGE_STANDARD = gnu11;
				GCC_DYNAMIC_NO_PIC = NO;
				GCC_NO_COMMON_BLOCKS = YES;
				GCC_OPTIMIZATION_LEVEL = 0;
				GCC_PREPROCESSOR_DEFINITIONS = (
					"$(inherited)",
					"DEBUG=1",
				);
				GCC_WARN_64_TO_32_BIT_CONVERSION = YES;
				GCC_WARN_ABOUT_RETURN_TYPE = YES_ERROR;
				GCC_WARN_UNDECLARED_SELECTOR = YES;
				GCC_WARN_UNINITIALIZED_AUTOS = YES_AGGRESSIVE;
				GCC_WARN_UNUSED_FUNCTION = YES;
				GCC_WARN_UNUSED_VARIABLE = YES;
				MACOSX_DEPLOYMENT_TARGET = 14.0;
				MTL_ENABLE_DEBUG_INFO = INCLUDE_SOURCE;
				MTL_FAST_MATH = YES;
				ONLY_ACTIVE_ARCH = YES;
				PRODUCT_NAME = "$(TARGET_NAME)";
				SDKROOT = macosx;
				SWIFT_ACTIVE_COMPILATION_CONDITIONS = DEBUG;
				SWIFT_OPTIMIZATION_LEVEL = "-Onone";
				SWIFT_VERSION = 5.0;
			};
			name = Debug;
		};
		959F8BA0C66C2F833D19C923 /* Release */ = {
			isa = XCBuildConfiguration;
			buildSettings = {
				ALWAYS_SEARCH_USER_PATHS = NO;
				CLANG_ANALYZER_NONNULL = YES;
				CLANG_ANALYZER_NUMBER_OBJECT_CONVERSION = YES_AGGRESSIVE;
				CLANG_CXX_LANGUAGE_STANDARD = "gnu++14";
				CLANG_CXX_LIBRARY = "libc++";
				CLANG_ENABLE_MODULES = YES;
				CLANG_ENABLE_OBJC_ARC = YES;
				CLANG_ENABLE_OBJC_WEAK = YES;
				CLANG_WARN_BLOCK_CAPTURE_AUTORELEASING = YES;
				CLANG_WARN_BOOL_CONVERSION = YES;
				CLANG_WARN_COMMA = YES;
				CLANG_WARN_CONSTANT_CONVERSION = YES;
				CLANG_WARN_DEPRECATED_OBJC_IMPLEMENTATIONS = YES;
				CLANG_WARN_DIRECT_OBJC_ISA_USAGE = YES_ERROR;
				CLANG_WARN_DOCUMENTATION_COMMENTS = YES;
				CLANG_WARN_EMPTY_BODY = YES;
				CLANG_WARN_ENUM_CONVERSION = YES;
				CLANG_WARN_INFINITE_RECURSION = YES;
				CLANG_WARN_INT_CONVERSION = YES;
				CLANG_WARN_NON_LITERAL_NULL_CONVERSION = YES;
				CLANG_WARN_OBJC_IMPLICIT_RETAIN_SELF = YES;
				CLANG_WARN_OBJC_LITERAL_CONVERSION = YES;
				CLANG_WARN_OBJC_ROOT_CLASS = YES_ERROR;
				CLANG_WARN_QUOTED_INCLUDE_IN_FRAMEWORK_HEADER = YES;
				CLANG_WARN_RANGE_LOOP_ANALYSIS = YES;
				CLANG_WARN_STRICT_PROTOTYPES = YES;
				CLANG_WARN_SUSPICIOUS_MOVE = YES;
				CLANG_WARN_UNGUARDED_AVAILABILITY = YES_AGGRESSIVE;
				CLANG_WARN_UNREACHABLE_CODE = YES;
				CLANG_WARN__DUPLICATE_METHOD_MATCH = YES;
				COPY_PHASE_STRIP = NO;
				DEBUG_INFORMATION_FORMAT = "dwarf-with-dsym";
				ENABLE_NS_ASSERTIONS = NO;
				ENABLE_STRICT_OBJC_MSGSEND = YES;
				GCC_C_LANGUAGE_STANDARD = gnu11;
				GCC_NO_COMMON_BLOCKS = YES;
				GCC_WARN_64_TO_32_BIT_CONVERSION = YES;
				GCC_WARN_ABOUT_RETURN_TYPE = YES_ERROR;
				GCC_WARN_UNDECLARED_SELECTOR = YES;
				GCC_WARN_UNINITIALIZED_AUTOS = YES_AGGRESSIVE;
				GCC_WARN_UNUSED_FUNCTION = YES;
				GCC_WARN_UNUSED_VARIABLE = YES;
				MACOSX_DEPLOYMENT_TARGET = 14.0;
				MTL_ENABLE_DEBUG_INFO = NO;
				MTL_FAST_MATH = YES;
				PRODUCT_NAME = "$(TARGET_NAME)";
				SDKROOT = macosx;
				SWIFT_COMPILATION_MODE = wholemodule;
				SWIFT_OPTIMIZATION_LEVEL = "-O";
				SWIFT_VERSION = 5.0;
			};
			name = Release;
		};
		E47B6349E11842573EF324D8 /* Release */ = {
			isa = XCBuildConfiguration;
			buildSettings = {
				ASSETCATALOG_COMPILER_APPICON_NAME = AppIcon;
				CODE_SIGNING_REQUIRED = NO;
				CODE_SIGN_IDENTITY = "-";
				COMBINE_HIDPI_IMAGES = YES;
				GENERATE_INFOPLIST_FILE = YES;
				INFOPLIST_KEY_LSUIElement = YES;
				LD_RUNPATH_SEARCH_PATHS = (
					"$(inherited)",
					"@executable_path/../Frameworks",
				);
				MACOSX_DEPLOYMENT_TARGET = 14.0;
				PRODUCT_BUNDLE_IDENTIFIER = com.plum.wallpaper;
				PRODUCT_NAME = PlumWallPaper;
				SDKROOT = macosx;
				SWIFT_VERSION = 5.9;
			};
			name = Release;
		};
/* End XCBuildConfiguration section */

/* Begin XCConfigurationList section */
		8738315FC56C4DF298609E39 /* Build configuration list for PBXNativeTarget "PlumWallPaper" */ = {
			isa = XCConfigurationList;
			buildConfigurations = (
				70BDAD3FDCB6948BBC118863 /* Debug */,
				E47B6349E11842573EF324D8 /* Release */,
			);
			defaultConfigurationIsVisible = 0;
			defaultConfigurationName = Debug;
		};
		AD26888A4F53EBEDAA65A358 /* Build configuration list for PBXProject "PlumWallPaper" */ = {
			isa = XCConfigurationList;
			buildConfigurations = (
				939A279242BE62C07C4DBB01 /* Debug */,
				959F8BA0C66C2F833D19C923 /* Release */,
			);
			defaultConfigurationIsVisible = 0;
			defaultConfigurationName = Debug;
		};
/* End XCConfigurationList section */
	};
	rootObject = 2E3D8D7892AD44418BEEF70B /* Project object */;
}
