// !$*UTF8*$!
{
	archiveVersion = 1;
	classes = {
	};
	objectVersion = 77;
	objects = {

/* Begin PBXBuildFile section */
		00A9E2E33FA363B00E1592BE /* Assets.xcassets in Resources */ = {isa = PBXBuildFile; fileRef = 3D5A495A42370F1A80198EA3 /* Assets.xcassets */; };
		00FF35F57B5642A85AE18431 /* WallpaperRepository.swift in Sources */ = {isa = PBXBuildFile; fileRef = C2082E148B230A1FB4DA1A13 /* WallpaperRepository.swift */; };
		034C982C86971823B6F39063 /* PreviewViewModel.swift in Sources */ = {isa = PBXBuildFile; fileRef = B557DF3468C6B9A8A6DA922D /* PreviewViewModel.swift */; };
		0444F5ABB9A92B280172992C /* MediaExploreViewModel.swift in Sources */ = {isa = PBXBuildFile; fileRef = 444A65428593278E5E0EF756 /* MediaExploreViewModel.swift */; };
		0567D60320B7E5D671752C4D /* ParticleSystemPanel+Logic.swift in Sources */ = {isa = PBXBuildFile; fileRef = 8EAB7C9D232F47A25332DB7F /* ParticleSystemPanel+Logic.swift */; };
		0711E3C3D944E095141BE3D2 /* DownloadManager.swift in Sources */ = {isa = PBXBuildFile; fileRef = 0456810AF834D4AB30E850C5 /* DownloadManager.swift */; };
		0E8AC13AE1ECF94630875871 /* TopNavigationBar.swift in Sources */ = {isa = PBXBuildFile; fileRef = 22380F7F0053393F97B47B1F /* TopNavigationBar.swift */; };
		0ED1EF5DD7917CF5130382F0 /* VideoPlayer.swift in Sources */ = {isa = PBXBuildFile; fileRef = 825C861E208F1D5B9389B3B0 /* VideoPlayer.swift */; };
		14A5D263475ED4C2B1409136 /* RestoreManager.swift in Sources */ = {isa = PBXBuildFile; fileRef = F831A3D8DFBF129BC31B3368 /* RestoreManager.swift */; };
		1646A3D557889FF58F140B3E /* LibraryViewModel.swift in Sources */ = {isa = PBXBuildFile; fileRef = 8465DED63AC93FCEE4BB7139 /* LibraryViewModel.swift */; };
		16F6CCB7A2FE9671BB168768 /* Enums.swift in Sources */ = {isa = PBXBuildFile; fileRef = D5D49B71D9BDF3B9CB2EE95A /* Enums.swift */; };
		17B1F985B215BDDEAFBD86C3 /* DataSourceProfile.json in Resources */ = {isa = PBXBuildFile; fileRef = E2F62CE3E7CADCFC92251413 /* DataSourceProfile.json */; };
		1AAB14F6DFA0E99BF907A620 /* NetworkError.swift in Sources */ = {isa = PBXBuildFile; fileRef = 62A361D77B06FF5600CEB4CB /* NetworkError.swift */; };
		1AC77DF878012B44440A0E73 /* GeneralSettingsTab+Logic.swift in Sources */ = {isa = PBXBuildFile; fileRef = C2A20115C7FAFD4E3689CB5F /* GeneralSettingsTab+Logic.swift */; };
		1AFC146A2EB65DAF577B34E8 /* FileImporter.swift in Sources */ = {isa = PBXBuildFile; fileRef = B0823F5D57978191B355D159 /* FileImporter.swift */; };
		1B0E4B0F0321E4A89A92686B /* RemoteWallpaperCard.swift in Sources */ = {isa = PBXBuildFile; fileRef = 0DB8A19A7D8C8ADCE511B8E0 /* RemoteWallpaperCard.swift */; };
		1F8DE7FDDCE29BF2629FE854 /* PerformanceTab+Logic.swift in Sources */ = {isa = PBXBuildFile; fileRef = 5DC50777613936BF85B104F6 /* PerformanceTab+Logic.swift */; };
		2039778C4F41F6F30D044464 /* FilterChips.swift in Sources */ = {isa = PBXBuildFile; fileRef = 63AB7C972CC7EB8B5701124C /* FilterChips.swift */; };
		21AE67620EB770D6023106F6 /* PerformanceMonitor.swift in Sources */ = {isa = PBXBuildFile; fileRef = C077E14E9942E7E8233555D1 /* PerformanceMonitor.swift */; };
		2482F46406F9BC1EE7CC9439 /* MediaExploreView+Components.swift in Sources */ = {isa = PBXBuildFile; fileRef = C88D5274FA6F8DE7FA85F07D /* MediaExploreView+Components.swift */; };
		283D2B2FF747E8F0C39C8E9E /* PlumWallPaperApp.swift in Sources */ = {isa = PBXBuildFile; fileRef = CC0D0A105F06031860E8B5C3 /* PlumWallPaperApp.swift */; };
		29191E0DF84ECBD4BECD4D26 /* ShaderEditorViewModel.swift in Sources */ = {isa = PBXBuildFile; fileRef = B8484AB07B11B77102176EFD /* ShaderEditorViewModel.swift */; };
		2D8F5ECCC572657076692080 /* MediaDetailView.swift in Sources */ = {isa = PBXBuildFile; fileRef = 8E2CC8E793ADC24CDB9F14F7 /* MediaDetailView.swift */; };
		308D3F40A13F062CD98499FA /* ToastConfig.swift in Sources */ = {isa = PBXBuildFile; fileRef = 081B839D96AF14B55C73861C /* ToastConfig.swift */; };
		30BF26C9C9ED63340EBCD5EA /* DisplayTab.swift in Sources */ = {isa = PBXBuildFile; fileRef = 39AD564A5A466B536DB52D44 /* DisplayTab.swift */; };
		347EFB61A9E4F100371435A9 /* VideoPreloader.swift in Sources */ = {isa = PBXBuildFile; fileRef = C0469843B0E6F66AC2BCDE65 /* VideoPreloader.swift */; };
		374315EC6C08D27710FF0034 /* NetworkMonitor.swift in Sources */ = {isa = PBXBuildFile; fileRef = 23B0315556C33A01E96549F0 /* NetworkMonitor.swift */; };
		37853525449F49EE48F4CC88 /* APIKeyManager.swift in Sources */ = {isa = PBXBuildFile; fileRef = 4D6C1C8C5DA869B2082E5B39 /* APIKeyManager.swift */; };
		395FDA0325F104EFF1031EFF /* MyLibraryView.swift in Sources */ = {isa = PBXBuildFile; fileRef = BF7EB103470F1C91A037F62D /* MyLibraryView.swift */; };
		3D56099A88F17B9D0A67BF6B /* ShaderPass.swift in Sources */ = {isa = PBXBuildFile; fileRef = 5B7E7279C68DDCE2DC34C9D3 /* ShaderPass.swift */; };
		4079067352F1802C1FA00485 /* WallpaperSetter.swift in Sources */ = {isa = PBXBuildFile; fileRef = 1CB6CD0FA8F444B530729322 /* WallpaperSetter.swift */; };
		41BBD3D0B830D4B9D10352EE /* LiquidGlassExtensions.swift in Sources */ = {isa = PBXBuildFile; fileRef = 7BFC070EB9E6FC67ECF0A30E /* LiquidGlassExtensions.swift */; };
		46E4E3E6AD47CF341E95D939 /* MediaExploreView.swift in Sources */ = {isa = PBXBuildFile; fileRef = B71153ED11B64EAC620D943C /* MediaExploreView.swift */; };
		48D29BFA4EBB151E5DA5B0A7 /* HomeView+Logic.swift in Sources */ = {isa = PBXBuildFile; fileRef = 62DBB7ADDE4C7D34F2E92DD1 /* HomeView+Logic.swift */; };
		4921D2915FBB77C934311E1B /* FourKWallpapersParser.swift in Sources */ = {isa = PBXBuildFile; fileRef = 769939AC7F7DC019F6B523B5 /* FourKWallpapersParser.swift */; };
		497680F1B822B89B17425FD7 /* RemoteThumbnailImage.swift in Sources */ = {isa = PBXBuildFile; fileRef = F30F0B67F6D3152EDCE4B36B /* RemoteThumbnailImage.swift */; };
		4E8351BFE9BFBE4C94CFC85A /* ImportWallpaperSheet+Logic.swift in Sources */ = {isa = PBXBuildFile; fileRef = D8D64F6129E91E1C6CAE3376 /* ImportWallpaperSheet+Logic.swift */; };
		51BF133243509E7E07A4B531 /* HomeView.swift in Sources */ = {isa = PBXBuildFile; fileRef = CBD7FD3FCEE90906A82E005D /* HomeView.swift */; };
		520967807CC3596759A27B9C /* WindowAccessor.swift in Sources */ = {isa = PBXBuildFile; fileRef = E099A767DEA20EA00487AE5F /* WindowAccessor.swift */; };
		52BEA8775C1E330EC3A80B3E /* ScreenRenderer.swift in Sources */ = {isa = PBXBuildFile; fileRef = C367D3A3ACC771C41087C2B7 /* ScreenRenderer.swift */; };
		55022947E192835CE7A4B46F /* PixabayService.swift in Sources */ = {isa = PBXBuildFile; fileRef = 9C304C3A327478B1C8C0BCD1 /* PixabayService.swift */; };
		55A3660EADA053E7EDCBDAE4 /* APIKeyInputBanner.swift in Sources */ = {isa = PBXBuildFile; fileRef = 085E73B7B1C71EDB9ECA4128 /* APIKeyInputBanner.swift */; };
		5687B8A1B08F4830E74969FE /* DisplayManager.swift in Sources */ = {isa = PBXBuildFile; fileRef = 96680D26480F6039C96AC8D3 /* DisplayManager.swift */; };
		5733E4F6BC51F52C5FA9F13F /* RemoteWallpaper.swift in Sources */ = {isa = PBXBuildFile; fileRef = 47F88BE03FD7DA3EF9DEEE69 /* RemoteWallpaper.swift */; };
		57407784ADD7C2D72970B8D0 /* WallpaperExploreView.swift in Sources */ = {isa = PBXBuildFile; fileRef = A759316C525C53C16D2F9010 /* WallpaperExploreView.swift */; };
		58B85F9E052004B7135D7065 /* WorkshopService.swift in Sources */ = {isa = PBXBuildFile; fileRef = 3797F40128A44527632F09AB /* WorkshopService.swift */; };
		5A86975CFA3B20124E4BB98D /* NetworkService.swift in Sources */ = {isa = PBXBuildFile; fileRef = 69EBDBCB4A00C4968EC5B1B3 /* NetworkService.swift */; };
		5D8094B56D819F23B06B982A /* TagManagerSheet.swift in Sources */ = {isa = PBXBuildFile; fileRef = 90836F84AC56879790FFDE1A /* TagManagerSheet.swift */; };
		5EF363B40C5454C390EA1A77 /* Shaders.metal in Sources */ = {isa = PBXBuildFile; fileRef = DE679C9D5B6D9A1D7B693D21 /* Shaders.metal */; };
		5F0C177A0E3782CBBEC4EA72 /* DisplayTab+Logic.swift in Sources */ = {isa = PBXBuildFile; fileRef = DDEB93142E77E51FFB3F44F7 /* DisplayTab+Logic.swift */; };
		5FC9D607DF0A0DF58EA4798F /* ShaderPreset.swift in Sources */ = {isa = PBXBuildFile; fileRef = 163C20723526A250CB94C6B9 /* ShaderPreset.swift */; };
		60E780513B91C3BEC77F41CA /* NetworkState.swift in Sources */ = {isa = PBXBuildFile; fileRef = E5FDAD698A3E842C2B2505A5 /* NetworkState.swift */; };
		61AA8D7EADD4BE815DF19A8A /* plumwallpaper.html in Resources */ = {isa = PBXBuildFile; fileRef = 2008F380223F64B8EF14B4AB /* plumwallpaper.html */; };
		61CA53778202A043032BE780 /* VideoDecoder.swift in Sources */ = {isa = PBXBuildFile; fileRef = 30690CE1865E4C25A72CDA44 /* VideoDecoder.swift */; };
		643CAA31BDB650A47088DF57 /* ShaderPreviewView.swift in Sources */ = {isa = PBXBuildFile; fileRef = 3C5EBCE2BF9B39694862C475 /* ShaderPreviewView.swift */; };
		665A6C328A895BFF05A5445A /* ThumbnailGenerator.swift in Sources */ = {isa = PBXBuildFile; fileRef = BBE5FA06BA9E7ED726E742D2 /* ThumbnailGenerator.swift */; };
		68A218BB024039CE0CBF6251 /* FourKWallpapersService.swift in Sources */ = {isa = PBXBuildFile; fileRef = 6CEE41255323B82B4C49ECAC /* FourKWallpapersService.swift */; };
		69E4D260CDD0BB691F45FDAF /* PlaybackTab+Logic.swift in Sources */ = {isa = PBXBuildFile; fileRef = D1BAF20FF8F1C2D3C9D8ACC5 /* PlaybackTab+Logic.swift */; };
		6D59EA00DF1CC40A02601B07 /* RemoteWallpaperDetailView.swift in Sources */ = {isa = PBXBuildFile; fileRef = 5DB3AA5894EF5726F684C489 /* RemoteWallpaperDetailView.swift */; };
		716071EF31778DBE6DE8F113 /* LiquidGlassComponents.swift in Sources */ = {isa = PBXBuildFile; fileRef = B46FC9A328641F8D14942F93 /* LiquidGlassComponents.swift */; };
		71C8AA4D4B1AFEE11F38BE9A /* AppDelegate.swift in Sources */ = {isa = PBXBuildFile; fileRef = 661E4F1C07FBFDC99AB1010B /* AppDelegate.swift */; };
		71FBC63BEA5F27C41E73CB10 /* WallpaperStore.swift in Sources */ = {isa = PBXBuildFile; fileRef = 094BEBCC84E89952400E6597 /* WallpaperStore.swift */; };
		73F63DBA5B8B5F55EB462E72 /* SettingsViewModel.swift in Sources */ = {isa = PBXBuildFile; fileRef = B74B566805A9CC355332501E /* SettingsViewModel.swift */; };
		77465C423A7C265169B18EB3 /* ShaderGraph.swift in Sources */ = {isa = PBXBuildFile; fileRef = 8C5A3CA75CA8EC09B895C4DD /* ShaderGraph.swift */; };
		7C5822DC85BE2561CEB3C8D2 /* ParticleEmitter.swift in Sources */ = {isa = PBXBuildFile; fileRef = 9F609805545C3F3F9D9EF365 /* ParticleEmitter.swift */; };
		7C942EB363F08E741764BDF4 /* MenuBarView.swift in Sources */ = {isa = PBXBuildFile; fileRef = A3C45F20443BCB03E98AD8CC /* MenuBarView.swift */; };
		8482287FCFDC5050E7C137B8 /* UnsplashService.swift in Sources */ = {isa = PBXBuildFile; fileRef = 366699535402002A6C3540C8 /* UnsplashService.swift */; };
		848947AC49DC566E2D11AEE6 /* PauseStrategyManager.swift in Sources */ = {isa = PBXBuildFile; fileRef = C278572F63B6F734A214D0AB /* PauseStrategyManager.swift */; };
		857DECCEC62AD8C6A317B96D /* DownloadProgressView.swift in Sources */ = {isa = PBXBuildFile; fileRef = 1DAFC1CBE45AB84A45DFCFDB /* DownloadProgressView.swift */; };
		874A5A352BB0DDE2CF953B64 /* MediaRepository.swift in Sources */ = {isa = PBXBuildFile; fileRef = F9C3BF31056FAD1177AED764 /* MediaRepository.swift */; };
		8C64CF46AD4004F8FFD19AB7 /* LaunchAtLoginManager.swift in Sources */ = {isa = PBXBuildFile; fileRef = 626C651D660611BD7FD7F03D /* LaunchAtLoginManager.swift */; };
		98C555BB525C04F54CE2EDC6 /* QualitySelector.swift in Sources */ = {isa = PBXBuildFile; fileRef = 4D022204552427125F3076EC /* QualitySelector.swift */; };
		9AB36DFE3CE6D3EFC2BA2DCB /* ShaderEditorView.swift in Sources */ = {isa = PBXBuildFile; fileRef = 1C7BCE0F2040978FF2489324 /* ShaderEditorView.swift */; };
		9BB73E2349C1459619E0FEAA /* DesktopWindow.swift in Sources */ = {isa = PBXBuildFile; fileRef = 428B0B91E53D3777B9C27368 /* DesktopWindow.swift */; };
		A4093DB0B77F95A40E3262AF /* ToastView.swift in Sources */ = {isa = PBXBuildFile; fileRef = FDA23CF3F13A10057ACF6366 /* ToastView.swift */; };
		A4A98A50BD5D62856FC33003 /* FrameRateBackfiller.swift in Sources */ = {isa = PBXBuildFile; fileRef = 92D504054C96627EA5AE7B2D /* FrameRateBackfiller.swift */; };
		A7FF1365633793988927514D /* LibraryView.swift in Sources */ = {isa = PBXBuildFile; fileRef = DC5E66565FDFD15599B1D3D7 /* LibraryView.swift */; };
		A8FE75FD0DF8DCD836716FF9 /* WorkshopModels.swift in Sources */ = {isa = PBXBuildFile; fileRef = E3033D8CB30854CA575E4AEE /* WorkshopModels.swift */; };
		AC0347332482B86C7EC02B69 /* MenuBarViewModel.swift in Sources */ = {isa = PBXBuildFile; fileRef = 777318D7149CD291FA60B4B6 /* MenuBarViewModel.swift */; };
		B008A83321705246C07F5166 /* WallpaperSourceManager_USAGE.md in Resources */ = {isa = PBXBuildFile; fileRef = C529D1A6E8261BCEDFC38640 /* WallpaperSourceManager_USAGE.md */; };
		B11BF4E8AAD9594A747F8485 /* GlobalShortcutManager.swift in Sources */ = {isa = PBXBuildFile; fileRef = DD7EFCC521E638D0E2FE829B /* GlobalShortcutManager.swift */; };
		B1C2FA3876939985466DE841 /* GeneralSettingsTab.swift in Sources */ = {isa = PBXBuildFile; fileRef = 451822C6D24589BBAFB4F440 /* GeneralSettingsTab.swift */; };
		B2643488E2B3F79920D38EE9 /* VideoCacheManager.swift in Sources */ = {isa = PBXBuildFile; fileRef = 3CF4A64034B657B80550F814 /* VideoCacheManager.swift */; };
		B32E89780A3A075CB061075A /* SlideshowScheduler.swift in Sources */ = {isa = PBXBuildFile; fileRef = F92C5F08508951426F8E9DA6 /* SlideshowScheduler.swift */; };
		B33AF5C86CC98FA91C3CEBC0 /* AudioDuckingMonitor.swift in Sources */ = {isa = PBXBuildFile; fileRef = C3B9C154B348309FB6139A21 /* AudioDuckingMonitor.swift */; };
		B6B9A75D9D49916C8B03972D /* Settings.swift in Sources */ = {isa = PBXBuildFile; fileRef = DC71A3853630F86F1CF1A2FA /* Settings.swift */; };
		B75475FD6218E24AC8C7F70B /* GrainTextureOverlay.swift in Sources */ = {isa = PBXBuildFile; fileRef = 1E8478CD9D21B050F8C10944 /* GrainTextureOverlay.swift */; };
		B8D49179AE0ED896BED96FE3 /* MediaItem.swift in Sources */ = {isa = PBXBuildFile; fileRef = 84EC64F53E57F607F4AF499D /* MediaItem.swift */; };
		B9738822C065488E48EBF02A /* WallpaperSourceManager.swift in Sources */ = {isa = PBXBuildFile; fileRef = AD27734CF633AB1B5B7E5F74 /* WallpaperSourceManager.swift */; };
		BA03667B57874A63D7C6CC14 /* WallpaperCard.swift in Sources */ = {isa = PBXBuildFile; fileRef = 1BF6BBAF2B8B615A3F464EDF /* WallpaperCard.swift */; };
		BA9D1BD24C8FF8FFA0B0EB05 /* Tag.swift in Sources */ = {isa = PBXBuildFile; fileRef = ACF1C1D9BC347E282F5C2F06 /* Tag.swift */; };
		BAFE5C3D3576D18B2B8DC5DE /* PlaybackTab.swift in Sources */ = {isa = PBXBuildFile; fileRef = CC1E3E56D58AC4070DBBE049 /* PlaybackTab.swift */; };
		BF2C49BAE6710A9B95C120B9 /* MediaService.swift in Sources */ = {isa = PBXBuildFile; fileRef = D0560CA611E726EE2244751F /* MediaService.swift */; };
		C03F4C27CCC0F897E002BC6E /* Wallpaper.swift in Sources */ = {isa = PBXBuildFile; fileRef = C5ACA543E101FECACD5CA1D7 /* Wallpaper.swift */; };
		C2977656E37244E7F3E2A497 /* ParticleSystemPanel.swift in Sources */ = {isa = PBXBuildFile; fileRef = A84C72E2C004C250F55CDDAD /* ParticleSystemPanel.swift */; };
		CB0D3D00624B6F50F6183D3A /* ParticleSystem.swift in Sources */ = {isa = PBXBuildFile; fileRef = A64E39C20A40E7D691EC1F04 /* ParticleSystem.swift */; };
		D06D925443CBE243273D240F /* ArtisanControls.swift in Sources */ = {isa = PBXBuildFile; fileRef = A4680AAA704D394B2CEB19DE /* ArtisanControls.swift */; };
		D308C54081BE830054DA7F84 /* WallpaperDetailView+Logic.swift in Sources */ = {isa = PBXBuildFile; fileRef = E6BF610ED27253866D5CBDBB /* WallpaperDetailView+Logic.swift */; };
		D38C00321DBA82F9454CBB4C /* DesktopHutService.swift in Sources */ = {isa = PBXBuildFile; fileRef = 6032D4689925A959B8A08FFA /* DesktopHutService.swift */; };
		D4A8897D9F61BBE29375B817 /* RenderPipeline.swift in Sources */ = {isa = PBXBuildFile; fileRef = 262EEE9E68402FF15A169FC6 /* RenderPipeline.swift */; };
		D8FBE7D7B75742D2705276C9 /* WallpaperDetailView.swift in Sources */ = {isa = PBXBuildFile; fileRef = 16431E5B65BB71E305CE1D26 /* WallpaperDetailView.swift */; };
		DA5DBCA5396809FFAC76124B /* MediaCard.swift in Sources */ = {isa = PBXBuildFile; fileRef = 261723909B01080B556517C1 /* MediaCard.swift */; };
		DADAEEA8C23E84117FFEAC95 /* CacheService.swift in Sources */ = {isa = PBXBuildFile; fileRef = D6DED11ABF9CB586E16763F8 /* CacheService.swift */; };
		DBD38D872F6C96DF7C577085 /* ScreenInfo.swift in Sources */ = {isa = PBXBuildFile; fileRef = 25EE71F4A20725B36672DAA1 /* ScreenInfo.swift */; };
		DF944A3AF90222EB7BBB426C /* HomeFeedViewModel.swift in Sources */ = {isa = PBXBuildFile; fileRef = BE95751F513A84047599EEB8 /* HomeFeedViewModel.swift */; };
		E165E112EB3B39F21AE86D85 /* WallpaperDisplayItem.swift in Sources */ = {isa = PBXBuildFile; fileRef = 1AEE1D33440F23F5E1427F33 /* WallpaperDisplayItem.swift */; };
		E196C9913917063CE5912519 /* SwiftSoup in Frameworks */ = {isa = PBXBuildFile; productRef = E169A12BF3A1A8CCAE9A7B24 /* SwiftSoup */; };
		E3F989411A38EE3FB6FE5279 /* WorkshopSourceManager.swift in Sources */ = {isa = PBXBuildFile; fileRef = EA0189B0A53AA6EA06CCEAEB /* WorkshopSourceManager.swift */; };
		E435B10F19FF405210C17990 /* MyLiveWallpapersService.swift in Sources */ = {isa = PBXBuildFile; fileRef = 008AD387C711921794DDBAC1 /* MyLiveWallpapersService.swift */; };
		E6187A271617062249685C5B /* WallpaperExploreViewModel.swift in Sources */ = {isa = PBXBuildFile; fileRef = 910DF81CBCBC753430F8DBDC /* WallpaperExploreViewModel.swift */; };
		E8F24A044181FE439EE2C8B3 /* ContentView.swift in Sources */ = {isa = PBXBuildFile; fileRef = 5AE9A8B0D16C1B5C1C8AB5E7 /* ContentView.swift */; };
		EAE5FD2850349E52095F03CE /* WallhavenAPI.swift in Sources */ = {isa = PBXBuildFile; fileRef = B8297452AB90904450BEEC5A /* WallhavenAPI.swift */; };
		EAF06CCCD7105701DAA8BD05 /* WallhavenService.swift in Sources */ = {isa = PBXBuildFile; fileRef = BF0004BC9A5095910856C311 /* WallhavenService.swift */; };
		EB2BB8B32350F50CAA0F6F1F /* Localizable.strings in Resources */ = {isa = PBXBuildFile; fileRef = 3866DB4C03EEDDB3ADAD0532 /* Localizable.strings */; };
		ECCDF40BE208B2910BAA79B5 /* PreviewView.swift in Sources */ = {isa = PBXBuildFile; fileRef = E6B16A800A7ACAFA1FA98E59 /* PreviewView.swift */; };
		EF6E23B665C5470DA2895AD7 /* SettingsView.swift in Sources */ = {isa = PBXBuildFile; fileRef = 9A249A8E7730C921366030ED /* SettingsView.swift */; };
		F00858D7B44ACDC56FE172BF /* PerformanceTab.swift in Sources */ = {isa = PBXBuildFile; fileRef = 580C5434AFDEE652971EF4AC /* PerformanceTab.swift */; };
		F07D392C4096EED8FD00FD7F /* ImportWallpaperSheet.swift in Sources */ = {isa = PBXBuildFile; fileRef = F6B491F4CA5A8D7216D2D6F8 /* ImportWallpaperSheet.swift */; };
		F0F26B61DA741E9E9BBCC3A9 /* BingDailyService.swift in Sources */ = {isa = PBXBuildFile; fileRef = 64D088ED03F8EA2C61BE98A1 /* BingDailyService.swift */; };
		F43406CEAE07A793A61705C9 /* LiquidGlassDesignSystem.swift in Sources */ = {isa = PBXBuildFile; fileRef = 1B737F68063AC67E3CDEE620 /* LiquidGlassDesignSystem.swift */; };
		F43FDE1B9A058397730912A9 /* PreferencesStore.swift in Sources */ = {isa = PBXBuildFile; fileRef = C772358D777023DF5DDA0881 /* PreferencesStore.swift */; };
		F9C44B8AD1E98BE7F5A45604 /* PexelsService.swift in Sources */ = {isa = PBXBuildFile; fileRef = 3A7053EEC553502F9FEEE3F2 /* PexelsService.swift */; };
		FB0B0431FDEF515238269447 /* MediaService.swift.backup in Resources */ = {isa = PBXBuildFile; fileRef = 65C0C0A88957B8735E9544EC /* MediaService.swift.backup */; };
/* End PBXBuildFile section */

/* Begin PBXFileReference section */
		008AD387C711921794DDBAC1 /* MyLiveWallpapersService.swift */ = {isa = PBXFileReference; lastKnownFileType = sourcecode.swift; path = MyLiveWallpapersService.swift; sourceTree = "<group>"; };
		0456810AF834D4AB30E850C5 /* DownloadManager.swift */ = {isa = PBXFileReference; lastKnownFileType = sourcecode.swift; path = DownloadManager.swift; sourceTree = "<group>"; };
		081B839D96AF14B55C73861C /* ToastConfig.swift */ = {isa = PBXFileReference; lastKnownFileType = sourcecode.swift; path = ToastConfig.swift; sourceTree = "<group>"; };
		085E73B7B1C71EDB9ECA4128 /* APIKeyInputBanner.swift */ = {isa = PBXFileReference; lastKnownFileType = sourcecode.swift; path = APIKeyInputBanner.swift; sourceTree = "<group>"; };
		094BEBCC84E89952400E6597 /* WallpaperStore.swift */ = {isa = PBXFileReference; lastKnownFileType = sourcecode.swift; path = WallpaperStore.swift; sourceTree = "<group>"; };
		0DB8A19A7D8C8ADCE511B8E0 /* RemoteWallpaperCard.swift */ = {isa = PBXFileReference; lastKnownFileType = sourcecode.swift; path = RemoteWallpaperCard.swift; sourceTree = "<group>"; };
		163C20723526A250CB94C6B9 /* ShaderPreset.swift */ = {isa = PBXFileReference; lastKnownFileType = sourcecode.swift; path = ShaderPreset.swift; sourceTree = "<group>"; };
		16431E5B65BB71E305CE1D26 /* WallpaperDetailView.swift */ = {isa = PBXFileReference; lastKnownFileType = sourcecode.swift; path = WallpaperDetailView.swift; sourceTree = "<group>"; };
		1AEE1D33440F23F5E1427F33 /* WallpaperDisplayItem.swift */ = {isa = PBXFileReference; lastKnownFileType = sourcecode.swift; path = WallpaperDisplayItem.swift; sourceTree = "<group>"; };
		1B737F68063AC67E3CDEE620 /* LiquidGlassDesignSystem.swift */ = {isa = PBXFileReference; lastKnownFileType = sourcecode.swift; path = LiquidGlassDesignSystem.swift; sourceTree = "<group>"; };
		1BF6BBAF2B8B615A3F464EDF /* WallpaperCard.swift */ = {isa = PBXFileReference; lastKnownFileType = sourcecode.swift; path = WallpaperCard.swift; sourceTree = "<group>"; };
		1C7BCE0F2040978FF2489324 /* ShaderEditorView.swift */ = {isa = PBXFileReference; lastKnownFileType = sourcecode.swift; path = ShaderEditorView.swift; sourceTree = "<group>"; };
		1CB6CD0FA8F444B530729322 /* WallpaperSetter.swift */ = {isa = PBXFileReference; lastKnownFileType = sourcecode.swift; path = WallpaperSetter.swift; sourceTree = "<group>"; };
		1DAFC1CBE45AB84A45DFCFDB /* DownloadProgressView.swift */ = {isa = PBXFileReference; lastKnownFileType = sourcecode.swift; path = DownloadProgressView.swift; sourceTree = "<group>"; };
		1E8478CD9D21B050F8C10944 /* GrainTextureOverlay.swift */ = {isa = PBXFileReference; lastKnownFileType = sourcecode.swift; path = GrainTextureOverlay.swift; sourceTree = "<group>"; };
		2008F380223F64B8EF14B4AB /* plumwallpaper.html */ = {isa = PBXFileReference; lastKnownFileType = text.html; path = plumwallpaper.html; sourceTree = "<group>"; };
		22380F7F0053393F97B47B1F /* TopNavigationBar.swift */ = {isa = PBXFileReference; lastKnownFileType = sourcecode.swift; path = TopNavigationBar.swift; sourceTree = "<group>"; };
		23B0315556C33A01E96549F0 /* NetworkMonitor.swift */ = {isa = PBXFileReference; lastKnownFileType = sourcecode.swift; path = NetworkMonitor.swift; sourceTree = "<group>"; };
		25EE71F4A20725B36672DAA1 /* ScreenInfo.swift */ = {isa = PBXFileReference; lastKnownFileType = sourcecode.swift; path = ScreenInfo.swift; sourceTree = "<group>"; };
		261723909B01080B556517C1 /* MediaCard.swift */ = {isa = PBXFileReference; lastKnownFileType = sourcecode.swift; path = MediaCard.swift; sourceTree = "<group>"; };
		262EEE9E68402FF15A169FC6 /* RenderPipeline.swift */ = {isa = PBXFileReference; lastKnownFileType = sourcecode.swift; path = RenderPipeline.swift; sourceTree = "<group>"; };
		30690CE1865E4C25A72CDA44 /* VideoDecoder.swift */ = {isa = PBXFileReference; lastKnownFileType = sourcecode.swift; path = VideoDecoder.swift; sourceTree = "<group>"; };
		366699535402002A6C3540C8 /* UnsplashService.swift */ = {isa = PBXFileReference; lastKnownFileType = sourcecode.swift; path = UnsplashService.swift; sourceTree = "<group>"; };
		3797F40128A44527632F09AB /* WorkshopService.swift */ = {isa = PBXFileReference; lastKnownFileType = sourcecode.swift; path = WorkshopService.swift; sourceTree = "<group>"; };
		3866DB4C03EEDDB3ADAD0532 /* Localizable.strings */ = {isa = PBXFileReference; lastKnownFileType = text.plist.strings; name = Localizable.strings; path = "zh-Hans.lproj/Localizable.strings"; sourceTree = "<group>"; };
		39AD564A5A466B536DB52D44 /* DisplayTab.swift */ = {isa = PBXFileReference; lastKnownFileType = sourcecode.swift; path = DisplayTab.swift; sourceTree = "<group>"; };
		3A7053EEC553502F9FEEE3F2 /* PexelsService.swift */ = {isa = PBXFileReference; lastKnownFileType = sourcecode.swift; path = PexelsService.swift; sourceTree = "<group>"; };
		3C5EBCE2BF9B39694862C475 /* ShaderPreviewView.swift */ = {isa = PBXFileReference; lastKnownFileType = sourcecode.swift; path = ShaderPreviewView.swift; sourceTree = "<group>"; };
		3CF4A64034B657B80550F814 /* VideoCacheManager.swift */ = {isa = PBXFileReference; lastKnownFileType = sourcecode.swift; path = VideoCacheManager.swift; sourceTree = "<group>"; };
		3D5A495A42370F1A80198EA3 /* Assets.xcassets */ = {isa = PBXFileReference; lastKnownFileType = folder.assetcatalog; path = Assets.xcassets; sourceTree = "<group>"; };
		428B0B91E53D3777B9C27368 /* DesktopWindow.swift */ = {isa = PBXFileReference; lastKnownFileType = sourcecode.swift; path = DesktopWindow.swift; sourceTree = "<group>"; };
		444A65428593278E5E0EF756 /* MediaExploreViewModel.swift */ = {isa = PBXFileReference; lastKnownFileType = sourcecode.swift; path = MediaExploreViewModel.swift; sourceTree = "<group>"; };
		451822C6D24589BBAFB4F440 /* GeneralSettingsTab.swift */ = {isa = PBXFileReference; lastKnownFileType = sourcecode.swift; path = GeneralSettingsTab.swift; sourceTree = "<group>"; };
		47F88BE03FD7DA3EF9DEEE69 /* RemoteWallpaper.swift */ = {isa = PBXFileReference; lastKnownFileType = sourcecode.swift; path = RemoteWallpaper.swift; sourceTree = "<group>"; };
		4D022204552427125F3076EC /* QualitySelector.swift */ = {isa = PBXFileReference; lastKnownFileType = sourcecode.swift; path = QualitySelector.swift; sourceTree = "<group>"; };
		4D6C1C8C5DA869B2082E5B39 /* APIKeyManager.swift */ = {isa = PBXFileReference; lastKnownFileType = sourcecode.swift; path = APIKeyManager.swift; sourceTree = "<group>"; };
		580C5434AFDEE652971EF4AC /* PerformanceTab.swift */ = {isa = PBXFileReference; lastKnownFileType = sourcecode.swift; path = PerformanceTab.swift; sourceTree = "<group>"; };
		5AE9A8B0D16C1B5C1C8AB5E7 /* ContentView.swift */ = {isa = PBXFileReference; lastKnownFileType = sourcecode.swift; path = ContentView.swift; sourceTree = "<group>"; };
		5B7E7279C68DDCE2DC34C9D3 /* ShaderPass.swift */ = {isa = PBXFileReference; lastKnownFileType = sourcecode.swift; path = ShaderPass.swift; sourceTree = "<group>"; };
		5DB3AA5894EF5726F684C489 /* RemoteWallpaperDetailView.swift */ = {isa = PBXFileReference; lastKnownFileType = sourcecode.swift; path = RemoteWallpaperDetailView.swift; sourceTree = "<group>"; };
		5DC50777613936BF85B104F6 /* PerformanceTab+Logic.swift */ = {isa = PBXFileReference; lastKnownFileType = sourcecode.swift; path = "PerformanceTab+Logic.swift"; sourceTree = "<group>"; };
		6032D4689925A959B8A08FFA /* DesktopHutService.swift */ = {isa = PBXFileReference; lastKnownFileType = sourcecode.swift; path = DesktopHutService.swift; sourceTree = "<group>"; };
		60AD48DB3AC1A8944B151694 /* PlumWallPaper.app */ = {isa = PBXFileReference; explicitFileType = wrapper.application; includeInIndex = 0; path = PlumWallPaper.app; sourceTree = BUILT_PRODUCTS_DIR; };
		626C651D660611BD7FD7F03D /* LaunchAtLoginManager.swift */ = {isa = PBXFileReference; lastKnownFileType = sourcecode.swift; path = LaunchAtLoginManager.swift; sourceTree = "<group>"; };
		62A361D77B06FF5600CEB4CB /* NetworkError.swift */ = {isa = PBXFileReference; lastKnownFileType = sourcecode.swift; path = NetworkError.swift; sourceTree = "<group>"; };
		62DBB7ADDE4C7D34F2E92DD1 /* HomeView+Logic.swift */ = {isa = PBXFileReference; lastKnownFileType = sourcecode.swift; path = "HomeView+Logic.swift"; sourceTree = "<group>"; };
		63AB7C972CC7EB8B5701124C /* FilterChips.swift */ = {isa = PBXFileReference; lastKnownFileType = sourcecode.swift; path = FilterChips.swift; sourceTree = "<group>"; };
		64D088ED03F8EA2C61BE98A1 /* BingDailyService.swift */ = {isa = PBXFileReference; lastKnownFileType = sourcecode.swift; path = BingDailyService.swift; sourceTree = "<group>"; };
		65C0C0A88957B8735E9544EC /* MediaService.swift.backup */ = {isa = PBXFileReference; path = MediaService.swift.backup; sourceTree = "<group>"; };
		661E4F1C07FBFDC99AB1010B /* AppDelegate.swift */ = {isa = PBXFileReference; lastKnownFileType = sourcecode.swift; path = AppDelegate.swift; sourceTree = "<group>"; };
		69EBDBCB4A00C4968EC5B1B3 /* NetworkService.swift */ = {isa = PBXFileReference; lastKnownFileType = sourcecode.swift; path = NetworkService.swift; sourceTree = "<group>"; };
		6CEE41255323B82B4C49ECAC /* FourKWallpapersService.swift */ = {isa = PBXFileReference; lastKnownFileType = sourcecode.swift; path = FourKWallpapersService.swift; sourceTree = "<group>"; };
		769939AC7F7DC019F6B523B5 /* FourKWallpapersParser.swift */ = {isa = PBXFileReference; lastKnownFileType = sourcecode.swift; path = FourKWallpapersParser.swift; sourceTree = "<group>"; };
		777318D7149CD291FA60B4B6 /* MenuBarViewModel.swift */ = {isa = PBXFileReference; lastKnownFileType = sourcecode.swift; path = MenuBarViewModel.swift; sourceTree = "<group>"; };
		7BFC070EB9E6FC67ECF0A30E /* LiquidGlassExtensions.swift */ = {isa = PBXFileReference; lastKnownFileType = sourcecode.swift; path = LiquidGlassExtensions.swift; sourceTree = "<group>"; };
		825C861E208F1D5B9389B3B0 /* VideoPlayer.swift */ = {isa = PBXFileReference; lastKnownFileType = sourcecode.swift; path = VideoPlayer.swift; sourceTree = "<group>"; };
		8465DED63AC93FCEE4BB7139 /* LibraryViewModel.swift */ = {isa = PBXFileReference; lastKnownFileType = sourcecode.swift; path = LibraryViewModel.swift; sourceTree = "<group>"; };
		84EC64F53E57F607F4AF499D /* MediaItem.swift */ = {isa = PBXFileReference; lastKnownFileType = sourcecode.swift; path = MediaItem.swift; sourceTree = "<group>"; };
		8C5A3CA75CA8EC09B895C4DD /* ShaderGraph.swift */ = {isa = PBXFileReference; lastKnownFileType = sourcecode.swift; path = ShaderGraph.swift; sourceTree = "<group>"; };
		8E2CC8E793ADC24CDB9F14F7 /* MediaDetailView.swift */ = {isa = PBXFileReference; lastKnownFileType = sourcecode.swift; path = MediaDetailView.swift; sourceTree = "<group>"; };
		8EAB7C9D232F47A25332DB7F /* ParticleSystemPanel+Logic.swift */ = {isa = PBXFileReference; lastKnownFileType = sourcecode.swift; path = "ParticleSystemPanel+Logic.swift"; sourceTree = "<group>"; };
		90836F84AC56879790FFDE1A /* TagManagerSheet.swift */ = {isa = PBXFileReference; lastKnownFileType = sourcecode.swift; path = TagManagerSheet.swift; sourceTree = "<group>"; };
		910DF81CBCBC753430F8DBDC /* WallpaperExploreViewModel.swift */ = {isa = PBXFileReference; lastKnownFileType = sourcecode.swift; path = WallpaperExploreViewModel.swift; sourceTree = "<group>"; };
		92D504054C96627EA5AE7B2D /* FrameRateBackfiller.swift */ = {isa = PBXFileReference; lastKnownFileType = sourcecode.swift; path = FrameRateBackfiller.swift; sourceTree = "<group>"; };
		96680D26480F6039C96AC8D3 /* DisplayManager.swift */ = {isa = PBXFileReference; lastKnownFileType = sourcecode.swift; path = DisplayManager.swift; sourceTree = "<group>"; };
		9A249A8E7730C921366030ED /* SettingsView.swift */ = {isa = PBXFileReference; lastKnownFileType = sourcecode.swift; path = SettingsView.swift; sourceTree = "<group>"; };
		9C304C3A327478B1C8C0BCD1 /* PixabayService.swift */ = {isa = PBXFileReference; lastKnownFileType = sourcecode.swift; path = PixabayService.swift; sourceTree = "<group>"; };
		9F609805545C3F3F9D9EF365 /* ParticleEmitter.swift */ = {isa = PBXFileReference; lastKnownFileType = sourcecode.swift; path = ParticleEmitter.swift; sourceTree = "<group>"; };
		A3C45F20443BCB03E98AD8CC /* MenuBarView.swift */ = {isa = PBXFileReference; lastKnownFileType = sourcecode.swift; path = MenuBarView.swift; sourceTree = "<group>"; };
		A4680AAA704D394B2CEB19DE /* ArtisanControls.swift */ = {isa = PBXFileReference; lastKnownFileType = sourcecode.swift; path = ArtisanControls.swift; sourceTree = "<group>"; };
		A64E39C20A40E7D691EC1F04 /* ParticleSystem.swift */ = {isa = PBXFileReference; lastKnownFileType = sourcecode.swift; path = ParticleSystem.swift; sourceTree = "<group>"; };
		A759316C525C53C16D2F9010 /* WallpaperExploreView.swift */ = {isa = PBXFileReference; lastKnownFileType = sourcecode.swift; path = WallpaperExploreView.swift; sourceTree = "<group>"; };
		A84C72E2C004C250F55CDDAD /* ParticleSystemPanel.swift */ = {isa = PBXFileReference; lastKnownFileType = sourcecode.swift; path = ParticleSystemPanel.swift; sourceTree = "<group>"; };
		ACF1C1D9BC347E282F5C2F06 /* Tag.swift */ = {isa = PBXFileReference; lastKnownFileType = sourcecode.swift; path = Tag.swift; sourceTree = "<group>"; };
		AD27734CF633AB1B5B7E5F74 /* WallpaperSourceManager.swift */ = {isa = PBXFileReference; lastKnownFileType = sourcecode.swift; path = WallpaperSourceManager.swift; sourceTree = "<group>"; };
		B0823F5D57978191B355D159 /* FileImporter.swift */ = {isa = PBXFileReference; lastKnownFileType = sourcecode.swift; path = FileImporter.swift; sourceTree = "<group>"; };
		B46FC9A328641F8D14942F93 /* LiquidGlassComponents.swift */ = {isa = PBXFileReference; lastKnownFileType = sourcecode.swift; path = LiquidGlassComponents.swift; sourceTree = "<group>"; };
		B557DF3468C6B9A8A6DA922D /* PreviewViewModel.swift */ = {isa = PBXFileReference; lastKnownFileType = sourcecode.swift; path = PreviewViewModel.swift; sourceTree = "<group>"; };
		B71153ED11B64EAC620D943C /* MediaExploreView.swift */ = {isa = PBXFileReference; lastKnownFileType = sourcecode.swift; path = MediaExploreView.swift; sourceTree = "<group>"; };
		B74B566805A9CC355332501E /* SettingsViewModel.swift */ = {isa = PBXFileReference; lastKnownFileType = sourcecode.swift; path = SettingsViewModel.swift; sourceTree = "<group>"; };
		B8297452AB90904450BEEC5A /* WallhavenAPI.swift */ = {isa = PBXFileReference; lastKnownFileType = sourcecode.swift; path = WallhavenAPI.swift; sourceTree = "<group>"; };
		B8484AB07B11B77102176EFD /* ShaderEditorViewModel.swift */ = {isa = PBXFileReference; lastKnownFileType = sourcecode.swift; path = ShaderEditorViewModel.swift; sourceTree = "<group>"; };
		BBE5FA06BA9E7ED726E742D2 /* ThumbnailGenerator.swift */ = {isa = PBXFileReference; lastKnownFileType = sourcecode.swift; path = ThumbnailGenerator.swift; sourceTree = "<group>"; };
		BE95751F513A84047599EEB8 /* HomeFeedViewModel.swift */ = {isa = PBXFileReference; lastKnownFileType = sourcecode.swift; path = HomeFeedViewModel.swift; sourceTree = "<group>"; };
		BF0004BC9A5095910856C311 /* WallhavenService.swift */ = {isa = PBXFileReference; lastKnownFileType = sourcecode.swift; path = WallhavenService.swift; sourceTree = "<group>"; };
		BF7EB103470F1C91A037F62D /* MyLibraryView.swift */ = {isa = PBXFileReference; lastKnownFileType = sourcecode.swift; path = MyLibraryView.swift; sourceTree = "<group>"; };
		C0469843B0E6F66AC2BCDE65 /* VideoPreloader.swift */ = {isa = PBXFileReference; lastKnownFileType = sourcecode.swift; path = VideoPreloader.swift; sourceTree = "<group>"; };
		C077E14E9942E7E8233555D1 /* PerformanceMonitor.swift */ = {isa = PBXFileReference; lastKnownFileType = sourcecode.swift; path = PerformanceMonitor.swift; sourceTree = "<group>"; };
		C2082E148B230A1FB4DA1A13 /* WallpaperRepository.swift */ = {isa = PBXFileReference; lastKnownFileType = sourcecode.swift; path = WallpaperRepository.swift; sourceTree = "<group>"; };
		C278572F63B6F734A214D0AB /* PauseStrategyManager.swift */ = {isa = PBXFileReference; lastKnownFileType = sourcecode.swift; path = PauseStrategyManager.swift; sourceTree = "<group>"; };
		C2A20115C7FAFD4E3689CB5F /* GeneralSettingsTab+Logic.swift */ = {isa = PBXFileReference; lastKnownFileType = sourcecode.swift; path = "GeneralSettingsTab+Logic.swift"; sourceTree = "<group>"; };
		C367D3A3ACC771C41087C2B7 /* ScreenRenderer.swift */ = {isa = PBXFileReference; lastKnownFileType = sourcecode.swift; path = ScreenRenderer.swift; sourceTree = "<group>"; };
		C3B9C154B348309FB6139A21 /* AudioDuckingMonitor.swift */ = {isa = PBXFileReference; lastKnownFileType = sourcecode.swift; path = AudioDuckingMonitor.swift; sourceTree = "<group>"; };
		C529D1A6E8261BCEDFC38640 /* WallpaperSourceManager_USAGE.md */ = {isa = PBXFileReference; lastKnownFileType = net.daringfireball.markdown; path = WallpaperSourceManager_USAGE.md; sourceTree = "<group>"; };
		C5ACA543E101FECACD5CA1D7 /* Wallpaper.swift */ = {isa = PBXFileReference; lastKnownFileType = sourcecode.swift; path = Wallpaper.swift; sourceTree = "<group>"; };
		C772358D777023DF5DDA0881 /* PreferencesStore.swift */ = {isa = PBXFileReference; lastKnownFileType = sourcecode.swift; path = PreferencesStore.swift; sourceTree = "<group>"; };
		C88D5274FA6F8DE7FA85F07D /* MediaExploreView+Components.swift */ = {isa = PBXFileReference; lastKnownFileType = sourcecode.swift; path = "MediaExploreView+Components.swift"; sourceTree = "<group>"; };
		CBD7FD3FCEE90906A82E005D /* HomeView.swift */ = {isa = PBXFileReference; lastKnownFileType = sourcecode.swift; path = HomeView.swift; sourceTree = "<group>"; };
		CC0D0A105F06031860E8B5C3 /* PlumWallPaperApp.swift */ = {isa = PBXFileReference; lastKnownFileType = sourcecode.swift; path = PlumWallPaperApp.swift; sourceTree = "<group>"; };
		CC1E3E56D58AC4070DBBE049 /* PlaybackTab.swift */ = {isa = PBXFileReference; lastKnownFileType = sourcecode.swift; path = PlaybackTab.swift; sourceTree = "<group>"; };
		D0560CA611E726EE2244751F /* MediaService.swift */ = {isa = PBXFileReference; lastKnownFileType = sourcecode.swift; path = MediaService.swift; sourceTree = "<group>"; };
		D1BAF20FF8F1C2D3C9D8ACC5 /* PlaybackTab+Logic.swift */ = {isa = PBXFileReference; lastKnownFileType = sourcecode.swift; path = "PlaybackTab+Logic.swift"; sourceTree = "<group>"; };
		D5D49B71D9BDF3B9CB2EE95A /* Enums.swift */ = {isa = PBXFileReference; lastKnownFileType = sourcecode.swift; path = Enums.swift; sourceTree = "<group>"; };
		D6DED11ABF9CB586E16763F8 /* CacheService.swift */ = {isa = PBXFileReference; lastKnownFileType = sourcecode.swift; path = CacheService.swift; sourceTree = "<group>"; };
		D8D64F6129E91E1C6CAE3376 /* ImportWallpaperSheet+Logic.swift */ = {isa = PBXFileReference; lastKnownFileType = sourcecode.swift; path = "ImportWallpaperSheet+Logic.swift"; sourceTree = "<group>"; };
		DC5E66565FDFD15599B1D3D7 /* LibraryView.swift */ = {isa = PBXFileReference; lastKnownFileType = sourcecode.swift; path = LibraryView.swift; sourceTree = "<group>"; };
		DC71A3853630F86F1CF1A2FA /* Settings.swift */ = {isa = PBXFileReference; lastKnownFileType = sourcecode.swift; path = Settings.swift; sourceTree = "<group>"; };
		DD7EFCC521E638D0E2FE829B /* GlobalShortcutManager.swift */ = {isa = PBXFileReference; lastKnownFileType = sourcecode.swift; path = GlobalShortcutManager.swift; sourceTree = "<group>"; };
		DDEB93142E77E51FFB3F44F7 /* DisplayTab+Logic.swift */ = {isa = PBXFileReference; lastKnownFileType = sourcecode.swift; path = "DisplayTab+Logic.swift"; sourceTree = "<group>"; };
		DE679C9D5B6D9A1D7B693D21 /* Shaders.metal */ = {isa = PBXFileReference; lastKnownFileType = sourcecode.metal; path = Shaders.metal; sourceTree = "<group>"; };
		E099A767DEA20EA00487AE5F /* WindowAccessor.swift */ = {isa = PBXFileReference; lastKnownFileType = sourcecode.swift; path = WindowAccessor.swift; sourceTree = "<group>"; };
		E2F62CE3E7CADCFC92251413 /* DataSourceProfile.json */ = {isa = PBXFileReference; lastKnownFileType = text.json; path = DataSourceProfile.json; sourceTree = "<group>"; };
		E3033D8CB30854CA575E4AEE /* WorkshopModels.swift */ = {isa = PBXFileReference; lastKnownFileType = sourcecode.swift; path = WorkshopModels.swift; sourceTree = "<group>"; };
		E5FDAD698A3E842C2B2505A5 /* NetworkState.swift */ = {isa = PBXFileReference; lastKnownFileType = sourcecode.swift; path = NetworkState.swift; sourceTree = "<group>"; };
		E6B16A800A7ACAFA1FA98E59 /* PreviewView.swift */ = {isa = PBXFileReference; lastKnownFileType = sourcecode.swift; path = PreviewView.swift; sourceTree = "<group>"; };
		E6BF610ED27253866D5CBDBB /* WallpaperDetailView+Logic.swift */ = {isa = PBXFileReference; lastKnownFileType = sourcecode.swift; path = "WallpaperDetailView+Logic.swift"; sourceTree = "<group>"; };
		EA0189B0A53AA6EA06CCEAEB /* WorkshopSourceManager.swift */ = {isa = PBXFileReference; lastKnownFileType = sourcecode.swift; path = WorkshopSourceManager.swift; sourceTree = "<group>"; };
		F30F0B67F6D3152EDCE4B36B /* RemoteThumbnailImage.swift */ = {isa = PBXFileReference; lastKnownFileType = sourcecode.swift; path = RemoteThumbnailImage.swift; sourceTree = "<group>"; };
		F6B491F4CA5A8D7216D2D6F8 /* ImportWallpaperSheet.swift */ = {isa = PBXFileReference; lastKnownFileType = sourcecode.swift; path = ImportWallpaperSheet.swift; sourceTree = "<group>"; };
		F831A3D8DFBF129BC31B3368 /* RestoreManager.swift */ = {isa = PBXFileReference; lastKnownFileType = sourcecode.swift; path = RestoreManager.swift; sourceTree = "<group>"; };
		F92C5F08508951426F8E9DA6 /* SlideshowScheduler.swift */ = {isa = PBXFileReference; lastKnownFileType = sourcecode.swift; path = SlideshowScheduler.swift; sourceTree = "<group>"; };
		F9C3BF31056FAD1177AED764 /* MediaRepository.swift */ = {isa = PBXFileReference; lastKnownFileType = sourcecode.swift; path = MediaRepository.swift; sourceTree = "<group>"; };
		FDA23CF3F13A10057ACF6366 /* ToastView.swift */ = {isa = PBXFileReference; lastKnownFileType = sourcecode.swift; path = ToastView.swift; sourceTree = "<group>"; };
/* End PBXFileReference section */

/* Begin PBXFrameworksBuildPhase section */
		3F90D7C6563FABA77B4EB57D /* Frameworks */ = {
			isa = PBXFrameworksBuildPhase;
			buildActionMask = 2147483647;
			files = (
				E196C9913917063CE5912519 /* SwiftSoup in Frameworks */,
			);
			runOnlyForDeploymentPostprocessing = 0;
		};
/* End PBXFrameworksBuildPhase section */

/* Begin PBXGroup section */
		10CE88873DC452FA22D56673 /* OnlineModels */ = {
			isa = PBXGroup;
			children = (
				84EC64F53E57F607F4AF499D /* MediaItem.swift */,
				47F88BE03FD7DA3EF9DEEE69 /* RemoteWallpaper.swift */,
				1AEE1D33440F23F5E1427F33 /* WallpaperDisplayItem.swift */,
				E3033D8CB30854CA575E4AEE /* WorkshopModels.swift */,
			);
			path = OnlineModels;
			sourceTree = "<group>";
		};
		1588186256C36452FC2C33CC /* Home */ = {
			isa = PBXGroup;
			children = (
				CBD7FD3FCEE90906A82E005D /* HomeView.swift */,
				62DBB7ADDE4C7D34F2E92DD1 /* HomeView+Logic.swift */,
			);
			path = Home;
			sourceTree = "<group>";
		};
		1B035FF823EEDBCCB8EE65AE /* Resources */ = {
			isa = PBXGroup;
			children = (
				3D5A495A42370F1A80198EA3 /* Assets.xcassets */,
				E2F62CE3E7CADCFC92251413 /* DataSourceProfile.json */,
				3866DB4C03EEDDB3ADAD0532 /* Localizable.strings */,
				7C78D98FAC1BA8BEC7DC6DB3 /* Web */,
			);
			path = Resources;
			sourceTree = "<group>";
		};
		207B8F83D9CEA4C681DBA9AB /* Products */ = {
			isa = PBXGroup;
			children = (
				60AD48DB3AC1A8944B151694 /* PlumWallPaper.app */,
			);
			name = Products;
			sourceTree = "<group>";
		};
		2BB753217494E0651541EE27 /* Settings */ = {
			isa = PBXGroup;
			children = (
				39AD564A5A466B536DB52D44 /* DisplayTab.swift */,
				DDEB93142E77E51FFB3F44F7 /* DisplayTab+Logic.swift */,
				451822C6D24589BBAFB4F440 /* GeneralSettingsTab.swift */,
				C2A20115C7FAFD4E3689CB5F /* GeneralSettingsTab+Logic.swift */,
				580C5434AFDEE652971EF4AC /* PerformanceTab.swift */,
				5DC50777613936BF85B104F6 /* PerformanceTab+Logic.swift */,
				CC1E3E56D58AC4070DBBE049 /* PlaybackTab.swift */,
				D1BAF20FF8F1C2D3C9D8ACC5 /* PlaybackTab+Logic.swift */,
				9A249A8E7730C921366030ED /* SettingsView.swift */,
			);
			path = Settings;
			sourceTree = "<group>";
		};
		33948DCF99565DEC4FEF469D /* App */ = {
			isa = PBXGroup;
			children = (
				661E4F1C07FBFDC99AB1010B /* AppDelegate.swift */,
				CC0D0A105F06031860E8B5C3 /* PlumWallPaperApp.swift */,
			);
			path = App;
			sourceTree = "<group>";
		};
		350B3A361D4B60897435CC32 /* Core */ = {
			isa = PBXGroup;
			children = (
				C3B9C154B348309FB6139A21 /* AudioDuckingMonitor.swift */,
				96680D26480F6039C96AC8D3 /* DisplayManager.swift */,
				B0823F5D57978191B355D159 /* FileImporter.swift */,
				92D504054C96627EA5AE7B2D /* FrameRateBackfiller.swift */,
				DD7EFCC521E638D0E2FE829B /* GlobalShortcutManager.swift */,
				626C651D660611BD7FD7F03D /* LaunchAtLoginManager.swift */,
				C278572F63B6F734A214D0AB /* PauseStrategyManager.swift */,
				C077E14E9942E7E8233555D1 /* PerformanceMonitor.swift */,
				F831A3D8DFBF129BC31B3368 /* RestoreManager.swift */,
				25EE71F4A20725B36672DAA1 /* ScreenInfo.swift */,
				F92C5F08508951426F8E9DA6 /* SlideshowScheduler.swift */,
				BBE5FA06BA9E7ED726E742D2 /* ThumbnailGenerator.swift */,
			);
			path = Core;
			sourceTree = "<group>";
		};
		3D7C496E89B9CCC852F512CE /* Engine */ = {
			isa = PBXGroup;
			children = (
				428B0B91E53D3777B9C27368 /* DesktopWindow.swift */,
				9F609805545C3F3F9D9EF365 /* ParticleEmitter.swift */,
				A64E39C20A40E7D691EC1F04 /* ParticleSystem.swift */,
				262EEE9E68402FF15A169FC6 /* RenderPipeline.swift */,
				C367D3A3ACC771C41087C2B7 /* ScreenRenderer.swift */,
				8C5A3CA75CA8EC09B895C4DD /* ShaderGraph.swift */,
				5B7E7279C68DDCE2DC34C9D3 /* ShaderPass.swift */,
				DE679C9D5B6D9A1D7B693D21 /* Shaders.metal */,
				30690CE1865E4C25A72CDA44 /* VideoDecoder.swift */,
			);
			path = Engine;
			sourceTree = "<group>";
		};
		679A16F91DE1E547E88F081D /* ViewModels */ = {
			isa = PBXGroup;
			children = (
				BE95751F513A84047599EEB8 /* HomeFeedViewModel.swift */,
				8465DED63AC93FCEE4BB7139 /* LibraryViewModel.swift */,
				444A65428593278E5E0EF756 /* MediaExploreViewModel.swift */,
				777318D7149CD291FA60B4B6 /* MenuBarViewModel.swift */,
				B557DF3468C6B9A8A6DA922D /* PreviewViewModel.swift */,
				B74B566805A9CC355332501E /* SettingsViewModel.swift */,
				B8484AB07B11B77102176EFD /* ShaderEditorViewModel.swift */,
				910DF81CBCBC753430F8DBDC /* WallpaperExploreViewModel.swift */,
			);
			path = ViewModels;
			sourceTree = "<group>";
		};
		7C78D98FAC1BA8BEC7DC6DB3 /* Web */ = {
			isa = PBXGroup;
			children = (
				2008F380223F64B8EF14B4AB /* plumwallpaper.html */,
			);
			path = Web;
			sourceTree = "<group>";
		};
		81ADA585AEE9EFCBD7F76996 /* Views */ = {
			isa = PBXGroup;
			children = (
				5AE9A8B0D16C1B5C1C8AB5E7 /* ContentView.swift */,
				E276E7130F025EF63BDB3AE8 /* Components */,
				DCA0F4C5A85F32461AADC21F /* DesignSystem */,
				D0BAD37F313A282429C685F0 /* Detail */,
				C70A9478AB2A155EB44DAE81 /* Explore */,
				1588186256C36452FC2C33CC /* Home */,
				F53DCEFF4E685564409897EF /* Library */,
				B371DA74975A4DC59E3D4E28 /* MenuBar */,
				C9FA3A97813BFDF3EAD93F8C /* Preview */,
				2BB753217494E0651541EE27 /* Settings */,
				BAA083EB5A3DE529B7AD32C4 /* ShaderEditor */,
			);
			path = Views;
			sourceTree = "<group>";
		};
		B371DA74975A4DC59E3D4E28 /* MenuBar */ = {
			isa = PBXGroup;
			children = (
				A3C45F20443BCB03E98AD8CC /* MenuBarView.swift */,
			);
			path = MenuBar;
			sourceTree = "<group>";
		};
		BAA083EB5A3DE529B7AD32C4 /* ShaderEditor */ = {
			isa = PBXGroup;
			children = (
				A84C72E2C004C250F55CDDAD /* ParticleSystemPanel.swift */,
				8EAB7C9D232F47A25332DB7F /* ParticleSystemPanel+Logic.swift */,
				1C7BCE0F2040978FF2489324 /* ShaderEditorView.swift */,
				3C5EBCE2BF9B39694862C475 /* ShaderPreviewView.swift */,
			);
			path = ShaderEditor;
			sourceTree = "<group>";
		};
		BCC7F49C08024C8F53BB5A25 /* Repositories */ = {
			isa = PBXGroup;
			children = (
				F9C3BF31056FAD1177AED764 /* MediaRepository.swift */,
				C2082E148B230A1FB4DA1A13 /* WallpaperRepository.swift */,
			);
			path = Repositories;
			sourceTree = "<group>";
		};
		C212B6EBF75695DDC0BB07B1 /* Network */ = {
			isa = PBXGroup;
			children = (
				4D6C1C8C5DA869B2082E5B39 /* APIKeyManager.swift */,
				64D088ED03F8EA2C61BE98A1 /* BingDailyService.swift */,
				D6DED11ABF9CB586E16763F8 /* CacheService.swift */,
				6032D4689925A959B8A08FFA /* DesktopHutService.swift */,
				769939AC7F7DC019F6B523B5 /* FourKWallpapersParser.swift */,
				6CEE41255323B82B4C49ECAC /* FourKWallpapersService.swift */,
				D0560CA611E726EE2244751F /* MediaService.swift */,
				65C0C0A88957B8735E9544EC /* MediaService.swift.backup */,
				008AD387C711921794DDBAC1 /* MyLiveWallpapersService.swift */,
				62A361D77B06FF5600CEB4CB /* NetworkError.swift */,
				23B0315556C33A01E96549F0 /* NetworkMonitor.swift */,
				69EBDBCB4A00C4968EC5B1B3 /* NetworkService.swift */,
				E5FDAD698A3E842C2B2505A5 /* NetworkState.swift */,
				3A7053EEC553502F9FEEE3F2 /* PexelsService.swift */,
				9C304C3A327478B1C8C0BCD1 /* PixabayService.swift */,
				366699535402002A6C3540C8 /* UnsplashService.swift */,
				B8297452AB90904450BEEC5A /* WallhavenAPI.swift */,
				BF0004BC9A5095910856C311 /* WallhavenService.swift */,
				C529D1A6E8261BCEDFC38640 /* WallpaperSourceManager_USAGE.md */,
				AD27734CF633AB1B5B7E5F74 /* WallpaperSourceManager.swift */,
				3797F40128A44527632F09AB /* WorkshopService.swift */,
				EA0189B0A53AA6EA06CCEAEB /* WorkshopSourceManager.swift */,
			);
			path = Network;
			sourceTree = "<group>";
		};
		C70A9478AB2A155EB44DAE81 /* Explore */ = {
			isa = PBXGroup;
			children = (
				B71153ED11B64EAC620D943C /* MediaExploreView.swift */,
				C88D5274FA6F8DE7FA85F07D /* MediaExploreView+Components.swift */,
				5DB3AA5894EF5726F684C489 /* RemoteWallpaperDetailView.swift */,
				A759316C525C53C16D2F9010 /* WallpaperExploreView.swift */,
			);
			path = Explore;
			sourceTree = "<group>";
		};
		C74CDDB4BAB7CD69B07A890A /* Sources */ = {
			isa = PBXGroup;
			children = (
				33948DCF99565DEC4FEF469D /* App */,
				350B3A361D4B60897435CC32 /* Core */,
				3D7C496E89B9CCC852F512CE /* Engine */,
				C212B6EBF75695DDC0BB07B1 /* Network */,
				10CE88873DC452FA22D56673 /* OnlineModels */,
				BCC7F49C08024C8F53BB5A25 /* Repositories */,
				1B035FF823EEDBCCB8EE65AE /* Resources */,
				DC7A1EC2F8BC3A6032459BA2 /* Services */,
				F5F01C22EC0668E59DE3D0FE /* Storage */,
				679A16F91DE1E547E88F081D /* ViewModels */,
				81ADA585AEE9EFCBD7F76996 /* Views */,
			);
			path = Sources;
			sourceTree = "<group>";
		};
		C9FA3A97813BFDF3EAD93F8C /* Preview */ = {
			isa = PBXGroup;
			children = (
				E6B16A800A7ACAFA1FA98E59 /* PreviewView.swift */,
			);
			path = Preview;
			sourceTree = "<group>";
		};
		D0BAD37F313A282429C685F0 /* Detail */ = {
			isa = PBXGroup;
			children = (
				8E2CC8E793ADC24CDB9F14F7 /* MediaDetailView.swift */,
				16431E5B65BB71E305CE1D26 /* WallpaperDetailView.swift */,
				E6BF610ED27253866D5CBDBB /* WallpaperDetailView+Logic.swift */,
			);
			path = Detail;
			sourceTree = "<group>";
		};
		D3EDE0A335EB05D0A923A721 /* Models */ = {
			isa = PBXGroup;
			children = (
				D5D49B71D9BDF3B9CB2EE95A /* Enums.swift */,
				DC71A3853630F86F1CF1A2FA /* Settings.swift */,
				163C20723526A250CB94C6B9 /* ShaderPreset.swift */,
				ACF1C1D9BC347E282F5C2F06 /* Tag.swift */,
				C5ACA543E101FECACD5CA1D7 /* Wallpaper.swift */,
			);
			path = Models;
			sourceTree = "<group>";
		};
		D7CF8A5E2B52A394B64F180A = {
			isa = PBXGroup;
			children = (
				C74CDDB4BAB7CD69B07A890A /* Sources */,
				207B8F83D9CEA4C681DBA9AB /* Products */,
			);
			sourceTree = "<group>";
		};
		DC7A1EC2F8BC3A6032459BA2 /* Services */ = {
			isa = PBXGroup;
			children = (
				0456810AF834D4AB30E850C5 /* DownloadManager.swift */,
				3CF4A64034B657B80550F814 /* VideoCacheManager.swift */,
				C0469843B0E6F66AC2BCDE65 /* VideoPreloader.swift */,
				1CB6CD0FA8F444B530729322 /* WallpaperSetter.swift */,
			);
			path = Services;
			sourceTree = "<group>";
		};
		DCA0F4C5A85F32461AADC21F /* DesignSystem */ = {
			isa = PBXGroup;
			children = (
				1B737F68063AC67E3CDEE620 /* LiquidGlassDesignSystem.swift */,
				7BFC070EB9E6FC67ECF0A30E /* LiquidGlassExtensions.swift */,
			);
			path = DesignSystem;
			sourceTree = "<group>";
		};
		E276E7130F025EF63BDB3AE8 /* Components */ = {
			isa = PBXGroup;
			children = (
				085E73B7B1C71EDB9ECA4128 /* APIKeyInputBanner.swift */,
				A4680AAA704D394B2CEB19DE /* ArtisanControls.swift */,
				1DAFC1CBE45AB84A45DFCFDB /* DownloadProgressView.swift */,
				63AB7C972CC7EB8B5701124C /* FilterChips.swift */,
				1E8478CD9D21B050F8C10944 /* GrainTextureOverlay.swift */,
				B46FC9A328641F8D14942F93 /* LiquidGlassComponents.swift */,
				261723909B01080B556517C1 /* MediaCard.swift */,
				4D022204552427125F3076EC /* QualitySelector.swift */,
				F30F0B67F6D3152EDCE4B36B /* RemoteThumbnailImage.swift */,
				0DB8A19A7D8C8ADCE511B8E0 /* RemoteWallpaperCard.swift */,
				081B839D96AF14B55C73861C /* ToastConfig.swift */,
				FDA23CF3F13A10057ACF6366 /* ToastView.swift */,
				22380F7F0053393F97B47B1F /* TopNavigationBar.swift */,
				825C861E208F1D5B9389B3B0 /* VideoPlayer.swift */,
				1BF6BBAF2B8B615A3F464EDF /* WallpaperCard.swift */,
				E099A767DEA20EA00487AE5F /* WindowAccessor.swift */,
			);
			path = Components;
			sourceTree = "<group>";
		};
		F53DCEFF4E685564409897EF /* Library */ = {
			isa = PBXGroup;
			children = (
				F6B491F4CA5A8D7216D2D6F8 /* ImportWallpaperSheet.swift */,
				D8D64F6129E91E1C6CAE3376 /* ImportWallpaperSheet+Logic.swift */,
				DC5E66565FDFD15599B1D3D7 /* LibraryView.swift */,
				BF7EB103470F1C91A037F62D /* MyLibraryView.swift */,
				90836F84AC56879790FFDE1A /* TagManagerSheet.swift */,
			);
			path = Library;
			sourceTree = "<group>";
		};
		F5F01C22EC0668E59DE3D0FE /* Storage */ = {
			isa = PBXGroup;
			children = (
				C772358D777023DF5DDA0881 /* PreferencesStore.swift */,
				094BEBCC84E89952400E6597 /* WallpaperStore.swift */,
				D3EDE0A335EB05D0A923A721 /* Models */,
			);
			path = Storage;
			sourceTree = "<group>";
		};
/* End PBXGroup section */

/* Begin PBXNativeTarget section */
		2AA0BD841D89D132B98D25E6 /* PlumWallPaper */ = {
			isa = PBXNativeTarget;
			buildConfigurationList = 8738315FC56C4DF298609E39 /* Build configuration list for PBXNativeTarget "PlumWallPaper" */;
			buildPhases = (
				C9EC7DDABBE62CC1A8E2D11E /* Sources */,
				AA5DAFB799C8AD217CDFFED5 /* Resources */,
				3F90D7C6563FABA77B4EB57D /* Frameworks */,
			);
			buildRules = (
			);
			dependencies = (
			);
			name = PlumWallPaper;
			packageProductDependencies = (
				E169A12BF3A1A8CCAE9A7B24 /* SwiftSoup */,
			);
			productName = PlumWallPaper;
			productReference = 60AD48DB3AC1A8944B151694 /* PlumWallPaper.app */;
			productType = "com.apple.product-type.application";
		};
/* End PBXNativeTarget section */

/* Begin PBXProject section */
		2E3D8D7892AD44418BEEF70B /* Project object */ = {
			isa = PBXProject;
			attributes = {
				BuildIndependentTargetsInParallel = YES;
				LastUpgradeCheck = 1600;
				TargetAttributes = {
				};
			};
			buildConfigurationList = AD26888A4F53EBEDAA65A358 /* Build configuration list for PBXProject "PlumWallPaper" */;
			developmentRegion = en;
			hasScannedForEncodings = 0;
			knownRegions = (
				Base,
				en,
				"zh-Hans",
			);
			mainGroup = D7CF8A5E2B52A394B64F180A;
			minimizedProjectReferenceProxies = 1;
			packageReferences = (
				86AB2A76CAD77587601B3E37 /* XCRemoteSwiftPackageReference "SwiftSoup" */,
			);
			preferredProjectObjectVersion = 77;
			productRefGroup = 207B8F83D9CEA4C681DBA9AB /* Products */;
			projectDirPath = "";
			projectRoot = "";
			targets = (
				2AA0BD841D89D132B98D25E6 /* PlumWallPaper */,
			);
		};
/* End PBXProject section */

/* Begin PBXResourcesBuildPhase section */
		AA5DAFB799C8AD217CDFFED5 /* Resources */ = {
			isa = PBXResourcesBuildPhase;
			buildActionMask = 2147483647;
			files = (
				00A9E2E33FA363B00E1592BE /* Assets.xcassets in Resources */,
				17B1F985B215BDDEAFBD86C3 /* DataSourceProfile.json in Resources */,
				EB2BB8B32350F50CAA0F6F1F /* Localizable.strings in Resources */,
				FB0B0431FDEF515238269447 /* MediaService.swift.backup in Resources */,
				B008A83321705246C07F5166 /* WallpaperSourceManager_USAGE.md in Resources */,
				61AA8D7EADD4BE815DF19A8A /* plumwallpaper.html in Resources */,
			);
			runOnlyForDeploymentPostprocessing = 0;
		};
/* End PBXResourcesBuildPhase section */

/* Begin PBXSourcesBuildPhase section */
		C9EC7DDABBE62CC1A8E2D11E /* Sources */ = {
			isa = PBXSourcesBuildPhase;
			buildActionMask = 2147483647;
			files = (
				55A3660EADA053E7EDCBDAE4 /* APIKeyInputBanner.swift in Sources */,
				37853525449F49EE48F4CC88 /* APIKeyManager.swift in Sources */,
				71C8AA4D4B1AFEE11F38BE9A /* AppDelegate.swift in Sources */,
				D06D925443CBE243273D240F /* ArtisanControls.swift in Sources */,
				B33AF5C86CC98FA91C3CEBC0 /* AudioDuckingMonitor.swift in Sources */,
				F0F26B61DA741E9E9BBCC3A9 /* BingDailyService.swift in Sources */,
				DADAEEA8C23E84117FFEAC95 /* CacheService.swift in Sources */,
				E8F24A044181FE439EE2C8B3 /* ContentView.swift in Sources */,
				D38C00321DBA82F9454CBB4C /* DesktopHutService.swift in Sources */,
				9BB73E2349C1459619E0FEAA /* DesktopWindow.swift in Sources */,
				5687B8A1B08F4830E74969FE /* DisplayManager.swift in Sources */,
				5F0C177A0E3782CBBEC4EA72 /* DisplayTab+Logic.swift in Sources */,
				30BF26C9C9ED63340EBCD5EA /* DisplayTab.swift in Sources */,
				0711E3C3D944E095141BE3D2 /* DownloadManager.swift in Sources */,
				857DECCEC62AD8C6A317B96D /* DownloadProgressView.swift in Sources */,
				16F6CCB7A2FE9671BB168768 /* Enums.swift in Sources */,
				1AFC146A2EB65DAF577B34E8 /* FileImporter.swift in Sources */,
				2039778C4F41F6F30D044464 /* FilterChips.swift in Sources */,
				4921D2915FBB77C934311E1B /* FourKWallpapersParser.swift in Sources */,
				68A218BB024039CE0CBF6251 /* FourKWallpapersService.swift in Sources */,
				A4A98A50BD5D62856FC33003 /* FrameRateBackfiller.swift in Sources */,
				1AC77DF878012B44440A0E73 /* GeneralSettingsTab+Logic.swift in Sources */,
				B1C2FA3876939985466DE841 /* GeneralSettingsTab.swift in Sources */,
				B11BF4E8AAD9594A747F8485 /* GlobalShortcutManager.swift in Sources */,
				B75475FD6218E24AC8C7F70B /* GrainTextureOverlay.swift in Sources */,
				DF944A3AF90222EB7BBB426C /* HomeFeedViewModel.swift in Sources */,
				48D29BFA4EBB151E5DA5B0A7 /* HomeView+Logic.swift in Sources */,
				51BF133243509E7E07A4B531 /* HomeView.swift in Sources */,
				4E8351BFE9BFBE4C94CFC85A /* ImportWallpaperSheet+Logic.swift in Sources */,
				F07D392C4096EED8FD00FD7F /* ImportWallpaperSheet.swift in Sources */,
				8C64CF46AD4004F8FFD19AB7 /* LaunchAtLoginManager.swift in Sources */,
				A7FF1365633793988927514D /* LibraryView.swift in Sources */,
				1646A3D557889FF58F140B3E /* LibraryViewModel.swift in Sources */,
				716071EF31778DBE6DE8F113 /* LiquidGlassComponents.swift in Sources */,
				F43406CEAE07A793A61705C9 /* LiquidGlassDesignSystem.swift in Sources */,
				41BBD3D0B830D4B9D10352EE /* LiquidGlassExtensions.swift in Sources */,
				DA5DBCA5396809FFAC76124B /* MediaCard.swift in Sources */,
				2D8F5ECCC572657076692080 /* MediaDetailView.swift in Sources */,
				2482F46406F9BC1EE7CC9439 /* MediaExploreView+Components.swift in Sources */,
				46E4E3E6AD47CF341E95D939 /* MediaExploreView.swift in Sources */,
				0444F5ABB9A92B280172992C /* MediaExploreViewModel.swift in Sources */,
				B8D49179AE0ED896BED96FE3 /* MediaItem.swift in Sources */,
				874A5A352BB0DDE2CF953B64 /* MediaRepository.swift in Sources */,
				BF2C49BAE6710A9B95C120B9 /* MediaService.swift in Sources */,
				7C942EB363F08E741764BDF4 /* MenuBarView.swift in Sources */,
				AC0347332482B86C7EC02B69 /* MenuBarViewModel.swift in Sources */,
				395FDA0325F104EFF1031EFF /* MyLibraryView.swift in Sources */,
				E435B10F19FF405210C17990 /* MyLiveWallpapersService.swift in Sources */,
				1AAB14F6DFA0E99BF907A620 /* NetworkError.swift in Sources */,
				374315EC6C08D27710FF0034 /* NetworkMonitor.swift in Sources */,
				5A86975CFA3B20124E4BB98D /* NetworkService.swift in Sources */,
				60E780513B91C3BEC77F41CA /* NetworkState.swift in Sources */,
				7C5822DC85BE2561CEB3C8D2 /* ParticleEmitter.swift in Sources */,
				CB0D3D00624B6F50F6183D3A /* ParticleSystem.swift in Sources */,
				0567D60320B7E5D671752C4D /* ParticleSystemPanel+Logic.swift in Sources */,
				C2977656E37244E7F3E2A497 /* ParticleSystemPanel.swift in Sources */,
				848947AC49DC566E2D11AEE6 /* PauseStrategyManager.swift in Sources */,
				21AE67620EB770D6023106F6 /* PerformanceMonitor.swift in Sources */,
				1F8DE7FDDCE29BF2629FE854 /* PerformanceTab+Logic.swift in Sources */,
				F00858D7B44ACDC56FE172BF /* PerformanceTab.swift in Sources */,
				F9C44B8AD1E98BE7F5A45604 /* PexelsService.swift in Sources */,
				55022947E192835CE7A4B46F /* PixabayService.swift in Sources */,
				69E4D260CDD0BB691F45FDAF /* PlaybackTab+Logic.swift in Sources */,
				BAFE5C3D3576D18B2B8DC5DE /* PlaybackTab.swift in Sources */,
				283D2B2FF747E8F0C39C8E9E /* PlumWallPaperApp.swift in Sources */,
				F43FDE1B9A058397730912A9 /* PreferencesStore.swift in Sources */,
				ECCDF40BE208B2910BAA79B5 /* PreviewView.swift in Sources */,
				034C982C86971823B6F39063 /* PreviewViewModel.swift in Sources */,
				98C555BB525C04F54CE2EDC6 /* QualitySelector.swift in Sources */,
				497680F1B822B89B17425FD7 /* RemoteThumbnailImage.swift in Sources */,
				5733E4F6BC51F52C5FA9F13F /* RemoteWallpaper.swift in Sources */,
				1B0E4B0F0321E4A89A92686B /* RemoteWallpaperCard.swift in Sources */,
				6D59EA00DF1CC40A02601B07 /* RemoteWallpaperDetailView.swift in Sources */,
				D4A8897D9F61BBE29375B817 /* RenderPipeline.swift in Sources */,
				14A5D263475ED4C2B1409136 /* RestoreManager.swift in Sources */,
				DBD38D872F6C96DF7C577085 /* ScreenInfo.swift in Sources */,
				52BEA8775C1E330EC3A80B3E /* ScreenRenderer.swift in Sources */,
				B6B9A75D9D49916C8B03972D /* Settings.swift in Sources */,
				EF6E23B665C5470DA2895AD7 /* SettingsView.swift in Sources */,
				73F63DBA5B8B5F55EB462E72 /* SettingsViewModel.swift in Sources */,
				9AB36DFE3CE6D3EFC2BA2DCB /* ShaderEditorView.swift in Sources */,
				29191E0DF84ECBD4BECD4D26 /* ShaderEditorViewModel.swift in Sources */,
				77465C423A7C265169B18EB3 /* ShaderGraph.swift in Sources */,
				3D56099A88F17B9D0A67BF6B /* ShaderPass.swift in Sources */,
				5FC9D607DF0A0DF58EA4798F /* ShaderPreset.swift in Sources */,
				643CAA31BDB650A47088DF57 /* ShaderPreviewView.swift in Sources */,
				5EF363B40C5454C390EA1A77 /* Shaders.metal in Sources */,
				B32E89780A3A075CB061075A /* SlideshowScheduler.swift in Sources */,
				BA9D1BD24C8FF8FFA0B0EB05 /* Tag.swift in Sources */,
				5D8094B56D819F23B06B982A /* TagManagerSheet.swift in Sources */,
				665A6C328A895BFF05A5445A /* ThumbnailGenerator.swift in Sources */,
				308D3F40A13F062CD98499FA /* ToastConfig.swift in Sources */,
				A4093DB0B77F95A40E3262AF /* ToastView.swift in Sources */,
				0E8AC13AE1ECF94630875871 /* TopNavigationBar.swift in Sources */,
				8482287FCFDC5050E7C137B8 /* UnsplashService.swift in Sources */,
				B2643488E2B3F79920D38EE9 /* VideoCacheManager.swift in Sources */,
				61CA53778202A043032BE780 /* VideoDecoder.swift in Sources */,
				0ED1EF5DD7917CF5130382F0 /* VideoPlayer.swift in Sources */,
				347EFB61A9E4F100371435A9 /* VideoPreloader.swift in Sources */,
				EAE5FD2850349E52095F03CE /* WallhavenAPI.swift in Sources */,
				EAF06CCCD7105701DAA8BD05 /* WallhavenService.swift in Sources */,
				C03F4C27CCC0F897E002BC6E /* Wallpaper.swift in Sources */,
				BA03667B57874A63D7C6CC14 /* WallpaperCard.swift in Sources */,
				D308C54081BE830054DA7F84 /* WallpaperDetailView+Logic.swift in Sources */,
				D8FBE7D7B75742D2705276C9 /* WallpaperDetailView.swift in Sources */,
				E165E112EB3B39F21AE86D85 /* WallpaperDisplayItem.swift in Sources */,
				57407784ADD7C2D72970B8D0 /* WallpaperExploreView.swift in Sources */,
				E6187A271617062249685C5B /* WallpaperExploreViewModel.swift in Sources */,
				00FF35F57B5642A85AE18431 /* WallpaperRepository.swift in Sources */,
				4079067352F1802C1FA00485 /* WallpaperSetter.swift in Sources */,
				B9738822C065488E48EBF02A /* WallpaperSourceManager.swift in Sources */,
				71FBC63BEA5F27C41E73CB10 /* WallpaperStore.swift in Sources */,
				520967807CC3596759A27B9C /* WindowAccessor.swift in Sources */,
				A8FE75FD0DF8DCD836716FF9 /* WorkshopModels.swift in Sources */,
				58B85F9E052004B7135D7065 /* WorkshopService.swift in Sources */,
				E3F989411A38EE3FB6FE5279 /* WorkshopSourceManager.swift in Sources */,
			);
			runOnlyForDeploymentPostprocessing = 0;
		};
/* End PBXSourcesBuildPhase section */

/* Begin XCBuildConfiguration section */
		70BDAD3FDCB6948BBC118863 /* Debug */ = {
			isa = XCBuildConfiguration;
			buildSettings = {
				ASSETCATALOG_COMPILER_APPICON_NAME = AppIcon;
				CODE_SIGNING_REQUIRED = NO;
				CODE_SIGN_IDENTITY = "-";
				COMBINE_HIDPI_IMAGES = YES;
				GENERATE_INFOPLIST_FILE = YES;
				INFOPLIST_KEY_CFBundleDevelopmentRegion = zh_CN;
				INFOPLIST_KEY_LSUIElement = YES;
				LD_RUNPATH_SEARCH_PATHS = (
					"$(inherited)",
					"@executable_path/../Frameworks",
				);
				MACOSX_DEPLOYMENT_TARGET = 14.0;
				PRODUCT_BUNDLE_IDENTIFIER = com.plum.wallpaper;
				PRODUCT_NAME = PlumWallPaper;
				SDKROOT = macosx;
				SWIFT_VERSION = 5.9;
			};
			name = Debug;
		};
		939A279242BE62C07C4DBB01 /* Debug */ = {
			isa = XCBuildConfiguration;
			buildSettings = {
				ALWAYS_SEARCH_USER_PATHS = NO;
				CLANG_ANALYZER_NONNULL = YES;
				CLANG_ANALYZER_NUMBER_OBJECT_CONVERSION = YES_AGGRESSIVE;
				CLANG_CXX_LANGUAGE_STANDARD = "gnu++14";
				CLANG_CXX_LIBRARY = "libc++";
				CLANG_ENABLE_MODULES = YES;
				CLANG_ENABLE_OBJC_ARC = YES;
				CLANG_ENABLE_OBJC_WEAK = YES;
				CLANG_WARN_BLOCK_CAPTURE_AUTORELEASING = YES;
				CLANG_WARN_BOOL_CONVERSION = YES;
				CLANG_WARN_COMMA = YES;
				CLANG_WARN_CONSTANT_CONVERSION = YES;
				CLANG_WARN_DEPRECATED_OBJC_IMPLEMENTATIONS = YES;
				CLANG_WARN_DIRECT_OBJC_ISA_USAGE = YES_ERROR;
				CLANG_WARN_DOCUMENTATION_COMMENTS = YES;
				CLANG_WARN_EMPTY_BODY = YES;
				CLANG_WARN_ENUM_CONVERSION = YES;
				CLANG_WARN_INFINITE_RECURSION = YES;
				CLANG_WARN_INT_CONVERSION = YES;
				CLANG_WARN_NON_LITERAL_NULL_CONVERSION = YES;
				CLANG_WARN_OBJC_IMPLICIT_RETAIN_SELF = YES;
				CLANG_WARN_OBJC_LITERAL_CONVERSION = YES;
				CLANG_WARN_OBJC_ROOT_CLASS = YES_ERROR;
				CLANG_WARN_QUOTED_INCLUDE_IN_FRAMEWORK_HEADER = YES;
				CLANG_WARN_RANGE_LOOP_ANALYSIS = YES;
				CLANG_WARN_STRICT_PROTOTYPES = YES;
				CLANG_WARN_SUSPICIOUS_MOVE = YES;
				CLANG_WARN_UNGUARDED_AVAILABILITY = YES_AGGRESSIVE;
				CLANG_WARN_UNREACHABLE_CODE = YES;
				CLANG_WARN__DUPLICATE_METHOD_MATCH = YES;
				COPY_PHASE_STRIP = NO;
				DEBUG_INFORMATION_FORMAT = dwarf;
				ENABLE_STRICT_OBJC_MSGSEND = YES;
				ENABLE_TESTABILITY = YES;
				GCC_C_LANGUAGE_STANDARD = gnu11;
				GCC_DYNAMIC_NO_PIC = NO;
				GCC_NO_COMMON_BLOCKS = YES;
				GCC_OPTIMIZATION_LEVEL = 0;
				GCC_PREPROCESSOR_DEFINITIONS = (
					"$(inherited)",
					"DEBUG=1",
				);
				GCC_WARN_64_TO_32_BIT_CONVERSION = YES;
				GCC_WARN_ABOUT_RETURN_TYPE = YES_ERROR;
				GCC_WARN_UNDECLARED_SELECTOR = YES;
				GCC_WARN_UNINITIALIZED_AUTOS = YES_AGGRESSIVE;
				GCC_WARN_UNUSED_FUNCTION = YES;
				GCC_WARN_UNUSED_VARIABLE = YES;
				MACOSX_DEPLOYMENT_TARGET = 14.0;
				MTL_ENABLE_DEBUG_INFO = INCLUDE_SOURCE;
				MTL_FAST_MATH = YES;
				ONLY_ACTIVE_ARCH = YES;
				PRODUCT_NAME = "$(TARGET_NAME)";
				SDKROOT = macosx;
				SWIFT_ACTIVE_COMPILATION_CONDITIONS = DEBUG;
				SWIFT_OPTIMIZATION_LEVEL = "-Onone";
				SWIFT_VERSION = 5.0;
			};
			name = Debug;
		};
		959F8BA0C66C2F833D19C923 /* Release */ = {
			isa = XCBuildConfiguration;
			buildSettings = {
				ALWAYS_SEARCH_USER_PATHS = NO;
				CLANG_ANALYZER_NONNULL = YES;
				CLANG_ANALYZER_NUMBER_OBJECT_CONVERSION = YES_AGGRESSIVE;
				CLANG_CXX_LANGUAGE_STANDARD = "gnu++14";
				CLANG_CXX_LIBRARY = "libc++";
				CLANG_ENABLE_MODULES = YES;
				CLANG_ENABLE_OBJC_ARC = YES;
				CLANG_ENABLE_OBJC_WEAK = YES;
				CLANG_WARN_BLOCK_CAPTURE_AUTORELEASING = YES;
				CLANG_WARN_BOOL_CONVERSION = YES;
				CLANG_WARN_COMMA = YES;
				CLANG_WARN_CONSTANT_CONVERSION = YES;
				CLANG_WARN_DEPRECATED_OBJC_IMPLEMENTATIONS = YES;
				CLANG_WARN_DIRECT_OBJC_ISA_USAGE = YES_ERROR;
				CLANG_WARN_DOCUMENTATION_COMMENTS = YES;
				CLANG_WARN_EMPTY_BODY = YES;
				CLANG_WARN_ENUM_CONVERSION = YES;
				CLANG_WARN_INFINITE_RECURSION = YES;
				CLANG_WARN_INT_CONVERSION = YES;
				CLANG_WARN_NON_LITERAL_NULL_CONVERSION = YES;
				CLANG_WARN_OBJC_IMPLICIT_RETAIN_SELF = YES;
				CLANG_WARN_OBJC_LITERAL_CONVERSION = YES;
				CLANG_WARN_OBJC_ROOT_CLASS = YES_ERROR;
				CLANG_WARN_QUOTED_INCLUDE_IN_FRAMEWORK_HEADER = YES;
				CLANG_WARN_RANGE_LOOP_ANALYSIS = YES;
				CLANG_WARN_STRICT_PROTOTYPES = YES;
				CLANG_WARN_SUSPICIOUS_MOVE = YES;
				CLANG_WARN_UNGUARDED_AVAILABILITY = YES_AGGRESSIVE;
				CLANG_WARN_UNREACHABLE_CODE = YES;
				CLANG_WARN__DUPLICATE_METHOD_MATCH = YES;
				COPY_PHASE_STRIP = NO;
				DEBUG_INFORMATION_FORMAT = "dwarf-with-dsym";
				ENABLE_NS_ASSERTIONS = NO;
				ENABLE_STRICT_OBJC_MSGSEND = YES;
				GCC_C_LANGUAGE_STANDARD = gnu11;
				GCC_NO_COMMON_BLOCKS = YES;
				GCC_WARN_64_TO_32_BIT_CONVERSION = YES;
				GCC_WARN_ABOUT_RETURN_TYPE = YES_ERROR;
				GCC_WARN_UNDECLARED_SELECTOR = YES;
				GCC_WARN_UNINITIALIZED_AUTOS = YES_AGGRESSIVE;
				GCC_WARN_UNUSED_FUNCTION = YES;
				GCC_WARN_UNUSED_VARIABLE = YES;
				MACOSX_DEPLOYMENT_TARGET = 14.0;
				MTL_ENABLE_DEBUG_INFO = NO;
				MTL_FAST_MATH = YES;
				PRODUCT_NAME = "$(TARGET_NAME)";
				SDKROOT = macosx;
				SWIFT_COMPILATION_MODE = wholemodule;
				SWIFT_OPTIMIZATION_LEVEL = "-O";
				SWIFT_VERSION = 5.0;
			};
			name = Release;
		};
		E47B6349E11842573EF324D8 /* Release */ = {
			isa = XCBuildConfiguration;
			buildSettings = {
				ASSETCATALOG_COMPILER_APPICON_NAME = AppIcon;
				CODE_SIGNING_REQUIRED = NO;
				CODE_SIGN_IDENTITY = "-";
				COMBINE_HIDPI_IMAGES = YES;
				GENERATE_INFOPLIST_FILE = YES;
				INFOPLIST_KEY_CFBundleDevelopmentRegion = zh_CN;
				INFOPLIST_KEY_LSUIElement = YES;
				LD_RUNPATH_SEARCH_PATHS = (
					"$(inherited)",
					"@executable_path/../Frameworks",
				);
				MACOSX_DEPLOYMENT_TARGET = 14.0;
				PRODUCT_BUNDLE_IDENTIFIER = com.plum.wallpaper;
				PRODUCT_NAME = PlumWallPaper;
				SDKROOT = macosx;
				SWIFT_VERSION = 5.9;
			};
			name = Release;
		};
/* End XCBuildConfiguration section */

/* Begin XCConfigurationList section */
		8738315FC56C4DF298609E39 /* Build configuration list for PBXNativeTarget "PlumWallPaper" */ = {
			isa = XCConfigurationList;
			buildConfigurations = (
				70BDAD3FDCB6948BBC118863 /* Debug */,
				E47B6349E11842573EF324D8 /* Release */,
			);
			defaultConfigurationIsVisible = 0;
			defaultConfigurationName = Debug;
		};
		AD26888A4F53EBEDAA65A358 /* Build configuration list for PBXProject "PlumWallPaper" */ = {
			isa = XCConfigurationList;
			buildConfigurations = (
				939A279242BE62C07C4DBB01 /* Debug */,
				959F8BA0C66C2F833D19C923 /* Release */,
			);
			defaultConfigurationIsVisible = 0;
			defaultConfigurationName = Debug;
		};
/* End XCConfigurationList section */

/* Begin XCRemoteSwiftPackageReference section */
		86AB2A76CAD77587601B3E37 /* XCRemoteSwiftPackageReference "SwiftSoup" */ = {
			isa = XCRemoteSwiftPackageReference;
			repositoryURL = "https://github.com/scinfu/SwiftSoup.git";
			requirement = {
				kind = upToNextMajorVersion;
				minimumVersion = 2.0.0;
			};
		};
/* End XCRemoteSwiftPackageReference section */

/* Begin XCSwiftPackageProductDependency section */
		E169A12BF3A1A8CCAE9A7B24 /* SwiftSoup */ = {
			isa = XCSwiftPackageProductDependency;
			package = 86AB2A76CAD77587601B3E37 /* XCRemoteSwiftPackageReference "SwiftSoup" */;
			productName = SwiftSoup;
		};
/* End XCSwiftPackageProductDependency section */
	};
	rootObject = 2E3D8D7892AD44418BEEF70B /* Project object */;
}
